Microsoft Visual Studio Solution File, Format Version 12.00
# Visual Studio Version 17
VisualStudioVersion = 17.0.31912.275
MinimumVisualStudioVersion = 10.0.40219.1
Project("{2150E333-8FDC-42A3-9474-1A3956D46DE8}") = "Solution Items", "Solution Items", "{55EEBBFF-9F07-4451-8525-695810E3BC82}"
	ProjectSection(SolutionItems) = preProject
		ChangeLog = ChangeLog
		Eagle.url = Eagle.url
		Keys\EagleBetaPrivate.snk = Keys\EagleBetaPrivate.snk
		Keys\EagleBetaPublic.snk = Keys\EagleBetaPublic.snk
		Keys\EagleDemoPrivate.snk = Keys\EagleDemoPrivate.snk
		Keys\EagleDemoPublic.snk = Keys\EagleDemoPublic.snk
		Keys\EagleFastPrivate.snk = Keys\EagleFastPrivate.snk
		Keys\EagleFastPublic.snk = Keys\EagleFastPublic.snk
		Keys\EagleStrongPrivate.snk = Keys\EagleStrongPrivate.snk
		Keys\EagleStrongPublic.snk = Keys\EagleStrongPublic.snk
		Keys\MistachkinPrivate.snk = Keys\MistachkinPrivate.snk
		Keys\MistachkinPublic.snk = Keys\MistachkinPublic.snk
		README = README
		data\exclude_archive.txt = data\exclude_archive.txt
		data\exclude_bin.txt = data\exclude_bin.txt
		data\exclude_core.txt = data\exclude_core.txt
		data\exclude_nuget.txt = data\exclude_nuget.txt
		data\exclude_runtime.txt = data\exclude_runtime.txt
		data\exclude_src.txt = data\exclude_src.txt
		data\exclude_update_bin.txt = data\exclude_update_bin.txt
		data\exclude_update_lib.txt = data\exclude_update_lib.txt
		license.terms = license.terms
		NuGet\build\Eagle.NuGet.targets = NuGet\build\Eagle.NuGet.targets
		NuGet\build\Eagle.Tools.NuGet.targets = NuGet\build\Eagle.Tools.NuGet.targets
		NuGet\Eagle.Beta.nuspec = NuGet\Eagle.Beta.nuspec
		NuGet\Eagle.CLRv2.Core.nuspec = NuGet\Eagle.CLRv2.Core.nuspec
		NuGet\Eagle.CLRv2.nuspec = NuGet\Eagle.CLRv2.nuspec
		NuGet\Eagle.CLRv4.Core.nuspec = NuGet\Eagle.CLRv4.Core.nuspec
		NuGet\Eagle.CLRv4.nuspec = NuGet\Eagle.CLRv4.nuspec
		NuGet\Eagle.DotNet.nuspec = NuGet\Eagle.DotNet.nuspec
		NuGet\Eagle.DotNet.Standard.2.0.nuspec = NuGet\Eagle.DotNet.Standard.2.0.nuspec
		NuGet\Eagle.DotNet.Standard.2.1.nuspec = NuGet\Eagle.DotNet.Standard.2.1.nuspec
		NuGet\Eagle.Mono.nuspec = NuGet\Eagle.Mono.nuspec
		NuGet\Eagle.Test.nuspec = NuGet\Eagle.Test.nuspec
		NuGet\Eagle.Tools.nuspec = NuGet\Eagle.Tools.nuspec
		NuGet\Eagle.Tools.CLRv2.nuspec = NuGet\Eagle.Tools.CLRv2.nuspec
		NuGet\Eagle.Tools.CLRv4.nuspec = NuGet\Eagle.Tools.CLRv4.nuspec
		NuGet\Eagle.nuspec = NuGet\Eagle.nuspec
		NuGet\Eagle.src.nuspec = NuGet\Eagle.src.nuspec
		Targets\Eagle.Builds.targets = Targets\Eagle.Builds.targets
		Targets\Eagle.Presets.targets = Targets\Eagle.Presets.targets
		Targets\Eagle.Sample.targets = Targets\Eagle.Sample.targets
		Targets\Eagle.Settings.targets = Targets\Eagle.Settings.targets
		Targets\Eagle.targets = Targets\Eagle.targets
		Targets\Eagle.tasks = Targets\Eagle.tasks
	EndProjectSection
EndProject
Project("{FAE04EC0-301F-11D3-BF4B-00C04F79EFBC}") = "Eagle2022", "Library\Eagle2022.csproj", "{2D4021DA-415C-4FAD-95FF-6ACA0974A677}"
EndProject
Project("{FAE04EC0-301F-11D3-BF4B-00C04F79EFBC}") = "EagleNetStandard2X", "Library\EagleNetStandard2X.csproj", "{77102511-793A-4F72-96E8-0705C60C0718}"
EndProject
Project("{FAE04EC0-301F-11D3-BF4B-00C04F79EFBC}") = "Hippogriff2022", "Update\Hippogriff2022.csproj", "{BA92F8B8-8138-4D6C-9D3E-AFD28AC0E899}"
EndProject
Project("{FAE04EC0-301F-11D3-BF4B-00C04F79EFBC}") = "EagleToolkit2022", "Toolkit\EagleToolkit2022.csproj", "{BAAD37DD-A5D3-41AF-8301-7589669B3EA9}"
EndProject
Project("{FAE04EC0-301F-11D3-BF4B-00C04F79EFBC}") = "EagleShell2022", "Shell\EagleShell2022.csproj", "{51FA98F6-9806-4DCC-ACDE-B4DA8F05D966}"
	ProjectSection(ProjectDependencies) = postProject
		{FA589B06-D939-4258-ACAC-4583E9F64F6D} = {FA589B06-D939-4258-ACAC-4583E9F64F6D}
		{8ACC4C8C-51EB-4764-BA33-597DCB74DC08} = {8ACC4C8C-51EB-4764-BA33-597DCB74DC08}
		{E82F401C-9E73-447D-ADDE-56E9328C6140} = {E82F401C-9E73-447D-ADDE-56E9328C6140}
		{FAF8612D-A51E-4B31-BBEA-5E2BE55A0209} = {FAF8612D-A51E-4B31-BBEA-5E2BE55A0209}
		{E0CA3F9E-C872-4549-B70A-0933209687DF} = {E0CA3F9E-C872-4549-B70A-0933209687DF}
		{40AA81A1-6256-4259-97C4-5F6FA69AAFE8} = {40AA81A1-6256-4259-97C4-5F6FA69AAFE8}
		{5206F0A9-5B90-443B-B9D3-6F9A446B432B} = {5206F0A9-5B90-443B-B9D3-6F9A446B432B}
	EndProjectSection
EndProject
Project("{FAE04EC0-301F-11D3-BF4B-00C04F79EFBC}") = "EagleShellNetStandard2X", "Shell\EagleShellNetStandard2X.csproj", "{2DFC90BA-FB7C-48F8-AC25-98934540C0F0}"
EndProject
Project("{FAE04EC0-301F-11D3-BF4B-00C04F79EFBC}") = "Sample2022", "Sample\Sample2022.csproj", "{5206F0A9-5B90-443B-B9D3-6F9A446B432B}"
	ProjectSection(ProjectDependencies) = postProject
		{40AA81A1-6256-4259-97C4-5F6FA69AAFE8} = {40AA81A1-6256-4259-97C4-5F6FA69AAFE8}
	EndProjectSection
EndProject
Project("{FAE04EC0-301F-11D3-BF4B-00C04F79EFBC}") = "Plugin2022", "Sample\Plugin2022.csproj", "{E82F401C-9E73-447D-ADDE-56E9328C6140}"
EndProject
Project("{FAE04EC0-301F-11D3-BF4B-00C04F79EFBC}") = "PluginNetStandard2X", "Sample\PluginNetStandard2X.csproj", "{BA898EE3-CF6C-4981-966A-0A72DED4BDF9}"
EndProject
Project("{FAE04EC0-301F-11D3-BF4B-00C04F79EFBC}") = "EagleTasks2022", "Build\EagleTasks2022.csproj", "{40AA81A1-6256-4259-97C4-5F6FA69AAFE8}"
EndProject
Project("{FAE04EC0-301F-11D3-BF4B-00C04F79EFBC}") = "EagleTest2022", "Test\EagleTest2022.csproj", "{35481897-62AF-4A7A-8405-31556C168656}"
EndProject
Project("{FAE04EC0-301F-11D3-BF4B-00C04F79EFBC}") = "Example2022", "Example\Example2022.csproj", "{3F23EC95-485A-427C-9F0D-786C2974DA22}"
EndProject
Project("{FAE04EC0-301F-11D3-BF4B-00C04F79EFBC}") = "EagleCmdlets2022", "Management\EagleCmdlets2022.csproj", "{FAF8612D-A51E-4B31-BBEA-5E2BE55A0209}"
EndProject
Project("{FAE04EC0-301F-11D3-BF4B-00C04F79EFBC}") = "TclSample2022", "Sample\TclSample2022.csproj", "{788E5470-2783-4F6D-B6C9-FA6AE3F700C6}"
EndProject
Project("{FAE04EC0-301F-11D3-BF4B-00C04F79EFBC}") = "EagleServices2022", "Service\EagleServices2022.csproj", "{1D1E7DDA-7A47-4AC7-9648-5A12A91349C9}"
EndProject
Project("{FAE04EC0-301F-11D3-BF4B-00C04F79EFBC}") = "EagleExtensions2022", "Installer\EagleExtensions2022.csproj", "{E0CA3F9E-C872-4549-B70A-0933209687DF}"
EndProject
Project("{8BC9CEB8-8B4A-11D0-8D11-00A0C91BC942}") = "Garuda", "Native\Package\Garuda2022.vcxproj", "{FA589B06-D939-4258-ACAC-4583E9F64F6D}"
	ProjectSection(ProjectDependencies) = postProject
		{2D4021DA-415C-4FAD-95FF-6ACA0974A677} = {2D4021DA-415C-4FAD-95FF-6ACA0974A677}
	EndProjectSection
EndProject
Project("{8BC9CEB8-8B4A-11D0-8D11-00A0C91BC942}") = "Spilornis", "Native\Utility\Spilornis2022.vcxproj", "{8ACC4C8C-51EB-4764-BA33-597DCB74DC08}"
EndProject
Project("{2150E333-8FDC-42A3-9474-1A3956D46DE8}") = "Samples", "Samples", "{F6A943D1-E019-4AD4-AD59-500B7CE9444D}"
EndProject
Project("{2150E333-8FDC-42A3-9474-1A3956D46DE8}") = "Shells", "Shells", "{5D7A051B-CC06-4C4F-8FAB-521D08C45107}"
EndProject
Project("{2150E333-8FDC-42A3-9474-1A3956D46DE8}") = "Libraries", "Libraries", "{B0600BC5-3263-48F1-AD9D-B7333C35D648}"
EndProject
Project("{2150E333-8FDC-42A3-9474-1A3956D46DE8}") = "Services", "Services", "{CDFAFBE9-D4C0-4DEA-934C-9C3FF24E084A}"
EndProject
Project("{2150E333-8FDC-42A3-9474-1A3956D46DE8}") = "Integration", "Integration", "{D16316C3-8AA5-4732-8263-2EB662F4F616}"
EndProject
Project("{2150E333-8FDC-42A3-9474-1A3956D46DE8}") = "Tools", "Tools", "{F57B00E5-B7F6-4F93-AF24-390F34C60433}"
EndProject
Global
	GlobalSection(SolutionConfigurationPlatforms) = preSolution
		Debug|Any CPU = Debug|Any CPU
		Debug|Mixed Platforms = Debug|Mixed Platforms
		Debug|Win32 = Debug|Win32
		Debug|ARM = Debug|ARM
		Debug|x64 = Debug|x64
		DebugAll|Any CPU = DebugAll|Any CPU
		DebugAll|Mixed Platforms = DebugAll|Mixed Platforms
		DebugAll|Win32 = DebugAll|Win32
		DebugAll|ARM = DebugAll|ARM
		DebugAll|x64 = DebugAll|x64
		DebugDll|Any CPU = DebugDll|Any CPU
		DebugDll|Mixed Platforms = DebugDll|Mixed Platforms
		DebugDll|Win32 = DebugDll|Win32
		DebugDll|ARM = DebugDll|ARM
		DebugDll|x64 = DebugDll|x64
		Release|Any CPU = Release|Any CPU
		Release|Mixed Platforms = Release|Mixed Platforms
		Release|Win32 = Release|Win32
		Release|ARM = Release|ARM
		Release|x64 = Release|x64
		ReleaseAll|Any CPU = ReleaseAll|Any CPU
		ReleaseAll|Mixed Platforms = ReleaseAll|Mixed Platforms
		ReleaseAll|Win32 = ReleaseAll|Win32
		ReleaseAll|ARM = ReleaseAll|ARM
		ReleaseAll|x64 = ReleaseAll|x64
		ReleaseDll|Any CPU = ReleaseDll|Any CPU
		ReleaseDll|Mixed Platforms = ReleaseDll|Mixed Platforms
		ReleaseDll|Win32 = ReleaseDll|Win32
		ReleaseDll|ARM = ReleaseDll|ARM
		ReleaseDll|x64 = ReleaseDll|x64
	EndGlobalSection
	GlobalSection(ProjectConfigurationPlatforms) = postSolution
		{2D4021DA-415C-4FAD-95FF-6ACA0974A677}.Debug|Any CPU.ActiveCfg = Debug|Any CPU
		{2D4021DA-415C-4FAD-95FF-6ACA0974A677}.Debug|Any CPU.Build.0 = Debug|Any CPU
		{2D4021DA-415C-4FAD-95FF-6ACA0974A677}.Debug|Mixed Platforms.ActiveCfg = Debug|Any CPU
		{2D4021DA-415C-4FAD-95FF-6ACA0974A677}.Debug|Mixed Platforms.Build.0 = Debug|Any CPU
		{2D4021DA-415C-4FAD-95FF-6ACA0974A677}.Debug|Win32.ActiveCfg = Debug|Any CPU
		{2D4021DA-415C-4FAD-95FF-6ACA0974A677}.Debug|Win32.Build.0 = Debug|Any CPU
		{2D4021DA-415C-4FAD-95FF-6ACA0974A677}.Debug|ARM.ActiveCfg = Debug|Any CPU
		{2D4021DA-415C-4FAD-95FF-6ACA0974A677}.Debug|ARM.Build.0 = Debug|Any CPU
		{2D4021DA-415C-4FAD-95FF-6ACA0974A677}.Debug|x64.ActiveCfg = Debug|Any CPU
		{2D4021DA-415C-4FAD-95FF-6ACA0974A677}.Debug|x64.Build.0 = Debug|Any CPU
		{2D4021DA-415C-4FAD-95FF-6ACA0974A677}.DebugAll|Any CPU.ActiveCfg = Debug|Any CPU
		{2D4021DA-415C-4FAD-95FF-6ACA0974A677}.DebugAll|Any CPU.Build.0 = Debug|Any CPU
		{2D4021DA-415C-4FAD-95FF-6ACA0974A677}.DebugAll|Mixed Platforms.ActiveCfg = Debug|Any CPU
		{2D4021DA-415C-4FAD-95FF-6ACA0974A677}.DebugAll|Mixed Platforms.Build.0 = Debug|Any CPU
		{2D4021DA-415C-4FAD-95FF-6ACA0974A677}.DebugAll|Win32.ActiveCfg = Debug|Any CPU
		{2D4021DA-415C-4FAD-95FF-6ACA0974A677}.DebugAll|Win32.Build.0 = Debug|Any CPU
		{2D4021DA-415C-4FAD-95FF-6ACA0974A677}.DebugAll|ARM.ActiveCfg = Debug|Any CPU
		{2D4021DA-415C-4FAD-95FF-6ACA0974A677}.DebugAll|ARM.Build.0 = Debug|Any CPU
		{2D4021DA-415C-4FAD-95FF-6ACA0974A677}.DebugAll|x64.ActiveCfg = Debug|Any CPU
		{2D4021DA-415C-4FAD-95FF-6ACA0974A677}.DebugAll|x64.Build.0 = Debug|Any CPU
		{2D4021DA-415C-4FAD-95FF-6ACA0974A677}.DebugDll|Any CPU.ActiveCfg = Debug|Any CPU
		{2D4021DA-415C-4FAD-95FF-6ACA0974A677}.DebugDll|Mixed Platforms.ActiveCfg = Debug|Any CPU
		{2D4021DA-415C-4FAD-95FF-6ACA0974A677}.DebugDll|Win32.ActiveCfg = Debug|Any CPU
		{2D4021DA-415C-4FAD-95FF-6ACA0974A677}.DebugDll|ARM.ActiveCfg = Debug|Any CPU
		{2D4021DA-415C-4FAD-95FF-6ACA0974A677}.DebugDll|x64.ActiveCfg = Debug|Any CPU
		{2D4021DA-415C-4FAD-95FF-6ACA0974A677}.Release|Any CPU.ActiveCfg = Release|Any CPU
		{2D4021DA-415C-4FAD-95FF-6ACA0974A677}.Release|Any CPU.Build.0 = Release|Any CPU
		{2D4021DA-415C-4FAD-95FF-6ACA0974A677}.Release|Mixed Platforms.ActiveCfg = Release|Any CPU
		{2D4021DA-415C-4FAD-95FF-6ACA0974A677}.Release|Mixed Platforms.Build.0 = Release|Any CPU
		{2D4021DA-415C-4FAD-95FF-6ACA0974A677}.Release|Win32.ActiveCfg = Release|Any CPU
		{2D4021DA-415C-4FAD-95FF-6ACA0974A677}.Release|Win32.Build.0 = Release|Any CPU
		{2D4021DA-415C-4FAD-95FF-6ACA0974A677}.Release|ARM.ActiveCfg = Release|Any CPU
		{2D4021DA-415C-4FAD-95FF-6ACA0974A677}.Release|ARM.Build.0 = Release|Any CPU
		{2D4021DA-415C-4FAD-95FF-6ACA0974A677}.Release|x64.ActiveCfg = Release|Any CPU
		{2D4021DA-415C-4FAD-95FF-6ACA0974A677}.Release|x64.Build.0 = Release|Any CPU
		{2D4021DA-415C-4FAD-95FF-6ACA0974A677}.ReleaseAll|Any CPU.ActiveCfg = Release|Any CPU
		{2D4021DA-415C-4FAD-95FF-6ACA0974A677}.ReleaseAll|Any CPU.Build.0 = Release|Any CPU
		{2D4021DA-415C-4FAD-95FF-6ACA0974A677}.ReleaseAll|Mixed Platforms.ActiveCfg = Release|Any CPU
		{2D4021DA-415C-4FAD-95FF-6ACA0974A677}.ReleaseAll|Mixed Platforms.Build.0 = Release|Any CPU
		{2D4021DA-415C-4FAD-95FF-6ACA0974A677}.ReleaseAll|Win32.ActiveCfg = Release|Any CPU
		{2D4021DA-415C-4FAD-95FF-6ACA0974A677}.ReleaseAll|Win32.Build.0 = Release|Any CPU
		{2D4021DA-415C-4FAD-95FF-6ACA0974A677}.ReleaseAll|ARM.ActiveCfg = Release|Any CPU
		{2D4021DA-415C-4FAD-95FF-6ACA0974A677}.ReleaseAll|ARM.Build.0 = Release|Any CPU
		{2D4021DA-415C-4FAD-95FF-6ACA0974A677}.ReleaseAll|x64.ActiveCfg = Release|Any CPU
		{2D4021DA-415C-4FAD-95FF-6ACA0974A677}.ReleaseAll|x64.Build.0 = Release|Any CPU
		{2D4021DA-415C-4FAD-95FF-6ACA0974A677}.ReleaseDll|Any CPU.ActiveCfg = Release|Any CPU
		{2D4021DA-415C-4FAD-95FF-6ACA0974A677}.ReleaseDll|Mixed Platforms.ActiveCfg = Release|Any CPU
		{2D4021DA-415C-4FAD-95FF-6ACA0974A677}.ReleaseDll|Win32.ActiveCfg = Release|Any CPU
		{2D4021DA-415C-4FAD-95FF-6ACA0974A677}.ReleaseDll|ARM.ActiveCfg = Release|Any CPU
		{2D4021DA-415C-4FAD-95FF-6ACA0974A677}.ReleaseDll|x64.ActiveCfg = Release|Any CPU
		{77102511-793A-4F72-96E8-0705C60C0718}.Debug|Any CPU.ActiveCfg = Debug|Any CPU
		{77102511-793A-4F72-96E8-0705C60C0718}.Debug|Any CPU.Build.0 = Debug|Any CPU
		{77102511-793A-4F72-96E8-0705C60C0718}.Debug|Mixed Platforms.ActiveCfg = Debug|Any CPU
		{77102511-793A-4F72-96E8-0705C60C0718}.Debug|Mixed Platforms.Build.0 = Debug|Any CPU
		{77102511-793A-4F72-96E8-0705C60C0718}.Debug|Win32.ActiveCfg = Debug|Any CPU
		{77102511-793A-4F72-96E8-0705C60C0718}.Debug|Win32.Build.0 = Debug|Any CPU
		{77102511-793A-4F72-96E8-0705C60C0718}.Debug|ARM.ActiveCfg = Debug|Any CPU
		{77102511-793A-4F72-96E8-0705C60C0718}.Debug|ARM.Build.0 = Debug|Any CPU
		{77102511-793A-4F72-96E8-0705C60C0718}.Debug|x64.ActiveCfg = Debug|Any CPU
		{77102511-793A-4F72-96E8-0705C60C0718}.Debug|x64.Build.0 = Debug|Any CPU
		{77102511-793A-4F72-96E8-0705C60C0718}.DebugAll|Any CPU.ActiveCfg = Debug|Any CPU
		{77102511-793A-4F72-96E8-0705C60C0718}.DebugAll|Any CPU.Build.0 = Debug|Any CPU
		{77102511-793A-4F72-96E8-0705C60C0718}.DebugAll|Mixed Platforms.ActiveCfg = Debug|Any CPU
		{77102511-793A-4F72-96E8-0705C60C0718}.DebugAll|Mixed Platforms.Build.0 = Debug|Any CPU
		{77102511-793A-4F72-96E8-0705C60C0718}.DebugAll|Win32.ActiveCfg = Debug|Any CPU
		{77102511-793A-4F72-96E8-0705C60C0718}.DebugAll|Win32.Build.0 = Debug|Any CPU
		{77102511-793A-4F72-96E8-0705C60C0718}.DebugAll|ARM.ActiveCfg = Debug|Any CPU
		{77102511-793A-4F72-96E8-0705C60C0718}.DebugAll|ARM.Build.0 = Debug|Any CPU
		{77102511-793A-4F72-96E8-0705C60C0718}.DebugAll|x64.ActiveCfg = Debug|Any CPU
		{77102511-793A-4F72-96E8-0705C60C0718}.DebugAll|x64.Build.0 = Debug|Any CPU
		{77102511-793A-4F72-96E8-0705C60C0718}.DebugDll|Any CPU.ActiveCfg = Debug|Any CPU
		{77102511-793A-4F72-96E8-0705C60C0718}.DebugDll|Mixed Platforms.ActiveCfg = Debug|Any CPU
		{77102511-793A-4F72-96E8-0705C60C0718}.DebugDll|Win32.ActiveCfg = Debug|Any CPU
		{77102511-793A-4F72-96E8-0705C60C0718}.DebugDll|ARM.ActiveCfg = Debug|Any CPU
		{77102511-793A-4F72-96E8-0705C60C0718}.DebugDll|x64.ActiveCfg = Debug|Any CPU
		{77102511-793A-4F72-96E8-0705C60C0718}.Release|Any CPU.ActiveCfg = Release|Any CPU
		{77102511-793A-4F72-96E8-0705C60C0718}.Release|Any CPU.Build.0 = Release|Any CPU
		{77102511-793A-4F72-96E8-0705C60C0718}.Release|Mixed Platforms.ActiveCfg = Release|Any CPU
		{77102511-793A-4F72-96E8-0705C60C0718}.Release|Mixed Platforms.Build.0 = Release|Any CPU
		{77102511-793A-4F72-96E8-0705C60C0718}.Release|Win32.ActiveCfg = Release|Any CPU
		{77102511-793A-4F72-96E8-0705C60C0718}.Release|Win32.Build.0 = Release|Any CPU
		{77102511-793A-4F72-96E8-0705C60C0718}.Release|ARM.ActiveCfg = Release|Any CPU
		{77102511-793A-4F72-96E8-0705C60C0718}.Release|ARM.Build.0 = Release|Any CPU
		{77102511-793A-4F72-96E8-0705C60C0718}.Release|x64.ActiveCfg = Release|Any CPU
		{77102511-793A-4F72-96E8-0705C60C0718}.Release|x64.Build.0 = Release|Any CPU
		{77102511-793A-4F72-96E8-0705C60C0718}.ReleaseAll|Any CPU.ActiveCfg = Release|Any CPU
		{77102511-793A-4F72-96E8-0705C60C0718}.ReleaseAll|Any CPU.Build.0 = Release|Any CPU
		{77102511-793A-4F72-96E8-0705C60C0718}.ReleaseAll|Mixed Platforms.ActiveCfg = Release|Any CPU
		{77102511-793A-4F72-96E8-0705C60C0718}.ReleaseAll|Mixed Platforms.Build.0 = Release|Any CPU
		{77102511-793A-4F72-96E8-0705C60C0718}.ReleaseAll|Win32.ActiveCfg = Release|Any CPU
		{77102511-793A-4F72-96E8-0705C60C0718}.ReleaseAll|Win32.Build.0 = Release|Any CPU
		{77102511-793A-4F72-96E8-0705C60C0718}.ReleaseAll|ARM.ActiveCfg = Release|Any CPU
		{77102511-793A-4F72-96E8-0705C60C0718}.ReleaseAll|ARM.Build.0 = Release|Any CPU
		{77102511-793A-4F72-96E8-0705C60C0718}.ReleaseAll|x64.ActiveCfg = Release|Any CPU
		{77102511-793A-4F72-96E8-0705C60C0718}.ReleaseAll|x64.Build.0 = Release|Any CPU
		{77102511-793A-4F72-96E8-0705C60C0718}.ReleaseDll|Any CPU.ActiveCfg = Release|Any CPU
		{77102511-793A-4F72-96E8-0705C60C0718}.ReleaseDll|Mixed Platforms.ActiveCfg = Release|Any CPU
		{77102511-793A-4F72-96E8-0705C60C0718}.ReleaseDll|Win32.ActiveCfg = Release|Any CPU
		{77102511-793A-4F72-96E8-0705C60C0718}.ReleaseDll|ARM.ActiveCfg = Release|Any CPU
		{77102511-793A-4F72-96E8-0705C60C0718}.ReleaseDll|x64.ActiveCfg = Release|Any CPU
		{BA92F8B8-8138-4D6C-9D3E-AFD28AC0E899}.Debug|Any CPU.ActiveCfg = Debug|Any CPU
		{BA92F8B8-8138-4D6C-9D3E-AFD28AC0E899}.Debug|Any CPU.Build.0 = Debug|Any CPU
		{BA92F8B8-8138-4D6C-9D3E-AFD28AC0E899}.Debug|Mixed Platforms.ActiveCfg = Debug|Any CPU
		{BA92F8B8-8138-4D6C-9D3E-AFD28AC0E899}.Debug|Mixed Platforms.Build.0 = Debug|Any CPU
		{BA92F8B8-8138-4D6C-9D3E-AFD28AC0E899}.Debug|Win32.ActiveCfg = Debug|Any CPU
		{BA92F8B8-8138-4D6C-9D3E-AFD28AC0E899}.Debug|Win32.Build.0 = Debug|Any CPU
		{BA92F8B8-8138-4D6C-9D3E-AFD28AC0E899}.Debug|ARM.ActiveCfg = Debug|Any CPU
		{BA92F8B8-8138-4D6C-9D3E-AFD28AC0E899}.Debug|ARM.Build.0 = Debug|Any CPU
		{BA92F8B8-8138-4D6C-9D3E-AFD28AC0E899}.Debug|x64.ActiveCfg = Debug|Any CPU
		{BA92F8B8-8138-4D6C-9D3E-AFD28AC0E899}.Debug|x64.Build.0 = Debug|Any CPU
		{BA92F8B8-8138-4D6C-9D3E-AFD28AC0E899}.DebugAll|Any CPU.ActiveCfg = Debug|Any CPU
		{BA92F8B8-8138-4D6C-9D3E-AFD28AC0E899}.DebugAll|Any CPU.Build.0 = Debug|Any CPU
		{BA92F8B8-8138-4D6C-9D3E-AFD28AC0E899}.DebugAll|Mixed Platforms.ActiveCfg = Debug|Any CPU
		{BA92F8B8-8138-4D6C-9D3E-AFD28AC0E899}.DebugAll|Mixed Platforms.Build.0 = Debug|Any CPU
		{BA92F8B8-8138-4D6C-9D3E-AFD28AC0E899}.DebugAll|Win32.ActiveCfg = Debug|Any CPU
		{BA92F8B8-8138-4D6C-9D3E-AFD28AC0E899}.DebugAll|Win32.Build.0 = Debug|Any CPU
		{BA92F8B8-8138-4D6C-9D3E-AFD28AC0E899}.DebugAll|ARM.ActiveCfg = Debug|Any CPU
		{BA92F8B8-8138-4D6C-9D3E-AFD28AC0E899}.DebugAll|ARM.Build.0 = Debug|Any CPU
		{BA92F8B8-8138-4D6C-9D3E-AFD28AC0E899}.DebugAll|x64.ActiveCfg = Debug|Any CPU
		{BA92F8B8-8138-4D6C-9D3E-AFD28AC0E899}.DebugAll|x64.Build.0 = Debug|Any CPU
		{BA92F8B8-8138-4D6C-9D3E-AFD28AC0E899}.DebugDll|Any CPU.ActiveCfg = Debug|Any CPU
		{BA92F8B8-8138-4D6C-9D3E-AFD28AC0E899}.DebugDll|Mixed Platforms.ActiveCfg = Debug|Any CPU
		{BA92F8B8-8138-4D6C-9D3E-AFD28AC0E899}.DebugDll|Win32.ActiveCfg = Debug|Any CPU
		{BA92F8B8-8138-4D6C-9D3E-AFD28AC0E899}.DebugDll|ARM.ActiveCfg = Debug|Any CPU
		{BA92F8B8-8138-4D6C-9D3E-AFD28AC0E899}.DebugDll|x64.ActiveCfg = Debug|Any CPU
		{BA92F8B8-8138-4D6C-9D3E-AFD28AC0E899}.Release|Any CPU.ActiveCfg = Release|Any CPU
		{BA92F8B8-8138-4D6C-9D3E-AFD28AC0E899}.Release|Any CPU.Build.0 = Release|Any CPU
		{BA92F8B8-8138-4D6C-9D3E-AFD28AC0E899}.Release|Mixed Platforms.ActiveCfg = Release|Any CPU
		{BA92F8B8-8138-4D6C-9D3E-AFD28AC0E899}.Release|Mixed Platforms.Build.0 = Release|Any CPU
		{BA92F8B8-8138-4D6C-9D3E-AFD28AC0E899}.Release|Win32.ActiveCfg = Release|Any CPU
		{BA92F8B8-8138-4D6C-9D3E-AFD28AC0E899}.Release|Win32.Build.0 = Release|Any CPU
		{BA92F8B8-8138-4D6C-9D3E-AFD28AC0E899}.Release|ARM.ActiveCfg = Release|Any CPU
		{BA92F8B8-8138-4D6C-9D3E-AFD28AC0E899}.Release|ARM.Build.0 = Release|Any CPU
		{BA92F8B8-8138-4D6C-9D3E-AFD28AC0E899}.Release|x64.ActiveCfg = Release|Any CPU
		{BA92F8B8-8138-4D6C-9D3E-AFD28AC0E899}.Release|x64.Build.0 = Release|Any CPU
		{BA92F8B8-8138-4D6C-9D3E-AFD28AC0E899}.ReleaseAll|Any CPU.ActiveCfg = Release|Any CPU
		{BA92F8B8-8138-4D6C-9D3E-AFD28AC0E899}.ReleaseAll|Any CPU.Build.0 = Release|Any CPU
		{BA92F8B8-8138-4D6C-9D3E-AFD28AC0E899}.ReleaseAll|Mixed Platforms.ActiveCfg = Release|Any CPU
		{BA92F8B8-8138-4D6C-9D3E-AFD28AC0E899}.ReleaseAll|Mixed Platforms.Build.0 = Release|Any CPU
		{BA92F8B8-8138-4D6C-9D3E-AFD28AC0E899}.ReleaseAll|Win32.ActiveCfg = Release|Any CPU
		{BA92F8B8-8138-4D6C-9D3E-AFD28AC0E899}.ReleaseAll|Win32.Build.0 = Release|Any CPU
		{BA92F8B8-8138-4D6C-9D3E-AFD28AC0E899}.ReleaseAll|ARM.ActiveCfg = Release|Any CPU
		{BA92F8B8-8138-4D6C-9D3E-AFD28AC0E899}.ReleaseAll|ARM.Build.0 = Release|Any CPU
		{BA92F8B8-8138-4D6C-9D3E-AFD28AC0E899}.ReleaseAll|x64.ActiveCfg = Release|Any CPU
		{BA92F8B8-8138-4D6C-9D3E-AFD28AC0E899}.ReleaseAll|x64.Build.0 = Release|Any CPU
		{BA92F8B8-8138-4D6C-9D3E-AFD28AC0E899}.ReleaseDll|Any CPU.ActiveCfg = Release|Any CPU
		{BA92F8B8-8138-4D6C-9D3E-AFD28AC0E899}.ReleaseDll|Mixed Platforms.ActiveCfg = Release|Any CPU
		{BA92F8B8-8138-4D6C-9D3E-AFD28AC0E899}.ReleaseDll|Win32.ActiveCfg = Release|Any CPU
		{BA92F8B8-8138-4D6C-9D3E-AFD28AC0E899}.ReleaseDll|ARM.ActiveCfg = Release|Any CPU
		{BA92F8B8-8138-4D6C-9D3E-AFD28AC0E899}.ReleaseDll|x64.ActiveCfg = Release|Any CPU
		{51FA98F6-9806-4DCC-ACDE-B4DA8F05D966}.Debug|Any CPU.ActiveCfg = Debug|Any CPU
		{51FA98F6-9806-4DCC-ACDE-B4DA8F05D966}.Debug|Any CPU.Build.0 = Debug|Any CPU
		{51FA98F6-9806-4DCC-ACDE-B4DA8F05D966}.Debug|Mixed Platforms.ActiveCfg = Debug|Any CPU
		{51FA98F6-9806-4DCC-ACDE-B4DA8F05D966}.Debug|Mixed Platforms.Build.0 = Debug|Any CPU
		{51FA98F6-9806-4DCC-ACDE-B4DA8F05D966}.Debug|Win32.ActiveCfg = Debug|Any CPU
		{51FA98F6-9806-4DCC-ACDE-B4DA8F05D966}.Debug|Win32.Build.0 = Debug|Any CPU
		{51FA98F6-9806-4DCC-ACDE-B4DA8F05D966}.Debug|ARM.ActiveCfg = Debug|Any CPU
		{51FA98F6-9806-4DCC-ACDE-B4DA8F05D966}.Debug|ARM.Build.0 = Debug|Any CPU
		{51FA98F6-9806-4DCC-ACDE-B4DA8F05D966}.Debug|x64.ActiveCfg = Debug|Any CPU
		{51FA98F6-9806-4DCC-ACDE-B4DA8F05D966}.Debug|x64.Build.0 = Debug|Any CPU
		{51FA98F6-9806-4DCC-ACDE-B4DA8F05D966}.DebugAll|Any CPU.ActiveCfg = Debug|Any CPU
		{51FA98F6-9806-4DCC-ACDE-B4DA8F05D966}.DebugAll|Any CPU.Build.0 = Debug|Any CPU
		{51FA98F6-9806-4DCC-ACDE-B4DA8F05D966}.DebugAll|Mixed Platforms.ActiveCfg = Debug|Any CPU
		{51FA98F6-9806-4DCC-ACDE-B4DA8F05D966}.DebugAll|Mixed Platforms.Build.0 = Debug|Any CPU
		{51FA98F6-9806-4DCC-ACDE-B4DA8F05D966}.DebugAll|Win32.ActiveCfg = Debug|Any CPU
		{51FA98F6-9806-4DCC-ACDE-B4DA8F05D966}.DebugAll|Win32.Build.0 = Debug|Any CPU
		{51FA98F6-9806-4DCC-ACDE-B4DA8F05D966}.DebugAll|ARM.ActiveCfg = Debug|Any CPU
		{51FA98F6-9806-4DCC-ACDE-B4DA8F05D966}.DebugAll|ARM.Build.0 = Debug|Any CPU
		{51FA98F6-9806-4DCC-ACDE-B4DA8F05D966}.DebugAll|x64.ActiveCfg = Debug|Any CPU
		{51FA98F6-9806-4DCC-ACDE-B4DA8F05D966}.DebugAll|x64.Build.0 = Debug|Any CPU
		{51FA98F6-9806-4DCC-ACDE-B4DA8F05D966}.DebugDll|Any CPU.ActiveCfg = Debug|Any CPU
		{51FA98F6-9806-4DCC-ACDE-B4DA8F05D966}.DebugDll|Mixed Platforms.ActiveCfg = Debug|Any CPU
		{51FA98F6-9806-4DCC-ACDE-B4DA8F05D966}.DebugDll|Win32.ActiveCfg = Debug|Any CPU
		{51FA98F6-9806-4DCC-ACDE-B4DA8F05D966}.DebugDll|ARM.ActiveCfg = Debug|Any CPU
		{51FA98F6-9806-4DCC-ACDE-B4DA8F05D966}.DebugDll|x64.ActiveCfg = Debug|Any CPU
		{51FA98F6-9806-4DCC-ACDE-B4DA8F05D966}.Release|Any CPU.ActiveCfg = Release|Any CPU
		{51FA98F6-9806-4DCC-ACDE-B4DA8F05D966}.Release|Any CPU.Build.0 = Release|Any CPU
		{51FA98F6-9806-4DCC-ACDE-B4DA8F05D966}.Release|Mixed Platforms.ActiveCfg = Release|Any CPU
		{51FA98F6-9806-4DCC-ACDE-B4DA8F05D966}.Release|Mixed Platforms.Build.0 = Release|Any CPU
		{51FA98F6-9806-4DCC-ACDE-B4DA8F05D966}.Release|Win32.ActiveCfg = Release|Any CPU
		{51FA98F6-9806-4DCC-ACDE-B4DA8F05D966}.Release|Win32.Build.0 = Release|Any CPU
		{51FA98F6-9806-4DCC-ACDE-B4DA8F05D966}.Release|ARM.ActiveCfg = Release|Any CPU
		{51FA98F6-9806-4DCC-ACDE-B4DA8F05D966}.Release|ARM.Build.0 = Release|Any CPU
		{51FA98F6-9806-4DCC-ACDE-B4DA8F05D966}.Release|x64.ActiveCfg = Release|Any CPU
		{51FA98F6-9806-4DCC-ACDE-B4DA8F05D966}.Release|x64.Build.0 = Release|Any CPU
		{51FA98F6-9806-4DCC-ACDE-B4DA8F05D966}.ReleaseAll|Any CPU.ActiveCfg = Release|Any CPU
		{51FA98F6-9806-4DCC-ACDE-B4DA8F05D966}.ReleaseAll|Any CPU.Build.0 = Release|Any CPU
		{51FA98F6-9806-4DCC-ACDE-B4DA8F05D966}.ReleaseAll|Mixed Platforms.ActiveCfg = Release|Any CPU
		{51FA98F6-9806-4DCC-ACDE-B4DA8F05D966}.ReleaseAll|Mixed Platforms.Build.0 = Release|Any CPU
		{51FA98F6-9806-4DCC-ACDE-B4DA8F05D966}.ReleaseAll|Win32.ActiveCfg = Release|Any CPU
		{51FA98F6-9806-4DCC-ACDE-B4DA8F05D966}.ReleaseAll|Win32.Build.0 = Release|Any CPU
		{51FA98F6-9806-4DCC-ACDE-B4DA8F05D966}.ReleaseAll|ARM.ActiveCfg = Release|Any CPU
		{51FA98F6-9806-4DCC-ACDE-B4DA8F05D966}.ReleaseAll|ARM.Build.0 = Release|Any CPU
		{51FA98F6-9806-4DCC-ACDE-B4DA8F05D966}.ReleaseAll|x64.ActiveCfg = Release|Any CPU
		{51FA98F6-9806-4DCC-ACDE-B4DA8F05D966}.ReleaseAll|x64.Build.0 = Release|Any CPU
		{51FA98F6-9806-4DCC-ACDE-B4DA8F05D966}.ReleaseDll|Any CPU.ActiveCfg = Release|Any CPU
		{51FA98F6-9806-4DCC-ACDE-B4DA8F05D966}.ReleaseDll|Mixed Platforms.ActiveCfg = Release|Any CPU
		{51FA98F6-9806-4DCC-ACDE-B4DA8F05D966}.ReleaseDll|Win32.ActiveCfg = Release|Any CPU
		{51FA98F6-9806-4DCC-ACDE-B4DA8F05D966}.ReleaseDll|ARM.ActiveCfg = Release|Any CPU
		{51FA98F6-9806-4DCC-ACDE-B4DA8F05D966}.ReleaseDll|x64.ActiveCfg = Release|Any CPU
		{BAAD37DD-A5D3-41AF-8301-7589669B3EA9}.Debug|Any CPU.ActiveCfg = Debug|Any CPU
		{BAAD37DD-A5D3-41AF-8301-7589669B3EA9}.Debug|Any CPU.Build.0 = Debug|Any CPU
		{BAAD37DD-A5D3-41AF-8301-7589669B3EA9}.Debug|Mixed Platforms.ActiveCfg = Debug|Any CPU
		{BAAD37DD-A5D3-41AF-8301-7589669B3EA9}.Debug|Mixed Platforms.Build.0 = Debug|Any CPU
		{BAAD37DD-A5D3-41AF-8301-7589669B3EA9}.Debug|Win32.ActiveCfg = Debug|Any CPU
		{BAAD37DD-A5D3-41AF-8301-7589669B3EA9}.Debug|Win32.Build.0 = Debug|Any CPU
		{BAAD37DD-A5D3-41AF-8301-7589669B3EA9}.Debug|ARM.ActiveCfg = Debug|Any CPU
		{BAAD37DD-A5D3-41AF-8301-7589669B3EA9}.Debug|ARM.Build.0 = Debug|Any CPU
		{BAAD37DD-A5D3-41AF-8301-7589669B3EA9}.Debug|x64.ActiveCfg = Debug|Any CPU
		{BAAD37DD-A5D3-41AF-8301-7589669B3EA9}.Debug|x64.Build.0 = Debug|Any CPU
		{BAAD37DD-A5D3-41AF-8301-7589669B3EA9}.DebugAll|Any CPU.ActiveCfg = Debug|Any CPU
		{BAAD37DD-A5D3-41AF-8301-7589669B3EA9}.DebugAll|Any CPU.Build.0 = Debug|Any CPU
		{BAAD37DD-A5D3-41AF-8301-7589669B3EA9}.DebugAll|Mixed Platforms.ActiveCfg = Debug|Any CPU
		{BAAD37DD-A5D3-41AF-8301-7589669B3EA9}.DebugAll|Mixed Platforms.Build.0 = Debug|Any CPU
		{BAAD37DD-A5D3-41AF-8301-7589669B3EA9}.DebugAll|Win32.ActiveCfg = Debug|Any CPU
		{BAAD37DD-A5D3-41AF-8301-7589669B3EA9}.DebugAll|Win32.Build.0 = Debug|Any CPU
		{BAAD37DD-A5D3-41AF-8301-7589669B3EA9}.DebugAll|ARM.ActiveCfg = Debug|Any CPU
		{BAAD37DD-A5D3-41AF-8301-7589669B3EA9}.DebugAll|ARM.Build.0 = Debug|Any CPU
		{BAAD37DD-A5D3-41AF-8301-7589669B3EA9}.DebugAll|x64.ActiveCfg = Debug|Any CPU
		{BAAD37DD-A5D3-41AF-8301-7589669B3EA9}.DebugAll|x64.Build.0 = Debug|Any CPU
		{BAAD37DD-A5D3-41AF-8301-7589669B3EA9}.DebugDll|Any CPU.ActiveCfg = Debug|Any CPU
		{BAAD37DD-A5D3-41AF-8301-7589669B3EA9}.DebugDll|Mixed Platforms.ActiveCfg = Debug|Any CPU
		{BAAD37DD-A5D3-41AF-8301-7589669B3EA9}.DebugDll|Win32.ActiveCfg = Debug|Any CPU
		{BAAD37DD-A5D3-41AF-8301-7589669B3EA9}.DebugDll|ARM.ActiveCfg = Debug|Any CPU
		{BAAD37DD-A5D3-41AF-8301-7589669B3EA9}.DebugDll|x64.ActiveCfg = Debug|Any CPU
		{BAAD37DD-A5D3-41AF-8301-7589669B3EA9}.Release|Any CPU.ActiveCfg = Release|Any CPU
		{BAAD37DD-A5D3-41AF-8301-7589669B3EA9}.Release|Any CPU.Build.0 = Release|Any CPU
		{BAAD37DD-A5D3-41AF-8301-7589669B3EA9}.Release|Mixed Platforms.ActiveCfg = Release|Any CPU
		{BAAD37DD-A5D3-41AF-8301-7589669B3EA9}.Release|Mixed Platforms.Build.0 = Release|Any CPU
		{BAAD37DD-A5D3-41AF-8301-7589669B3EA9}.Release|Win32.ActiveCfg = Release|Any CPU
		{BAAD37DD-A5D3-41AF-8301-7589669B3EA9}.Release|Win32.Build.0 = Release|Any CPU
		{BAAD37DD-A5D3-41AF-8301-7589669B3EA9}.Release|ARM.ActiveCfg = Release|Any CPU
		{BAAD37DD-A5D3-41AF-8301-7589669B3EA9}.Release|ARM.Build.0 = Release|Any CPU
		{BAAD37DD-A5D3-41AF-8301-7589669B3EA9}.Release|x64.ActiveCfg = Release|Any CPU
		{BAAD37DD-A5D3-41AF-8301-7589669B3EA9}.Release|x64.Build.0 = Release|Any CPU
		{BAAD37DD-A5D3-41AF-8301-7589669B3EA9}.ReleaseAll|Any CPU.ActiveCfg = Release|Any CPU
		{BAAD37DD-A5D3-41AF-8301-7589669B3EA9}.ReleaseAll|Any CPU.Build.0 = Release|Any CPU
		{BAAD37DD-A5D3-41AF-8301-7589669B3EA9}.ReleaseAll|Mixed Platforms.ActiveCfg = Release|Any CPU
		{BAAD37DD-A5D3-41AF-8301-7589669B3EA9}.ReleaseAll|Mixed Platforms.Build.0 = Release|Any CPU
		{BAAD37DD-A5D3-41AF-8301-7589669B3EA9}.ReleaseAll|Win32.ActiveCfg = Release|Any CPU
		{BAAD37DD-A5D3-41AF-8301-7589669B3EA9}.ReleaseAll|Win32.Build.0 = Release|Any CPU
		{BAAD37DD-A5D3-41AF-8301-7589669B3EA9}.ReleaseAll|ARM.ActiveCfg = Release|Any CPU
		{BAAD37DD-A5D3-41AF-8301-7589669B3EA9}.ReleaseAll|ARM.Build.0 = Release|Any CPU
		{BAAD37DD-A5D3-41AF-8301-7589669B3EA9}.ReleaseAll|x64.ActiveCfg = Release|Any CPU
		{BAAD37DD-A5D3-41AF-8301-7589669B3EA9}.ReleaseAll|x64.Build.0 = Release|Any CPU
		{BAAD37DD-A5D3-41AF-8301-7589669B3EA9}.ReleaseDll|Any CPU.ActiveCfg = Release|Any CPU
		{BAAD37DD-A5D3-41AF-8301-7589669B3EA9}.ReleaseDll|Mixed Platforms.ActiveCfg = Release|Any CPU
		{BAAD37DD-A5D3-41AF-8301-7589669B3EA9}.ReleaseDll|Win32.ActiveCfg = Release|Any CPU
		{BAAD37DD-A5D3-41AF-8301-7589669B3EA9}.ReleaseDll|ARM.ActiveCfg = Release|Any CPU
		{BAAD37DD-A5D3-41AF-8301-7589669B3EA9}.ReleaseDll|x64.ActiveCfg = Release|Any CPU
		{5206F0A9-5B90-443B-B9D3-6F9A446B432B}.Debug|Any CPU.ActiveCfg = Debug|Any CPU
		{5206F0A9-5B90-443B-B9D3-6F9A446B432B}.Debug|Any CPU.Build.0 = Debug|Any CPU
		{5206F0A9-5B90-443B-B9D3-6F9A446B432B}.Debug|Mixed Platforms.ActiveCfg = Debug|Any CPU
		{5206F0A9-5B90-443B-B9D3-6F9A446B432B}.Debug|Mixed Platforms.Build.0 = Debug|Any CPU
		{5206F0A9-5B90-443B-B9D3-6F9A446B432B}.Debug|Win32.ActiveCfg = Debug|Any CPU
		{5206F0A9-5B90-443B-B9D3-6F9A446B432B}.Debug|Win32.Build.0 = Debug|Any CPU
		{5206F0A9-5B90-443B-B9D3-6F9A446B432B}.Debug|ARM.ActiveCfg = Debug|Any CPU
		{5206F0A9-5B90-443B-B9D3-6F9A446B432B}.Debug|ARM.Build.0 = Debug|Any CPU
		{5206F0A9-5B90-443B-B9D3-6F9A446B432B}.Debug|x64.ActiveCfg = Debug|Any CPU
		{5206F0A9-5B90-443B-B9D3-6F9A446B432B}.Debug|x64.Build.0 = Debug|Any CPU
		{5206F0A9-5B90-443B-B9D3-6F9A446B432B}.DebugAll|Any CPU.ActiveCfg = Debug|Any CPU
		{5206F0A9-5B90-443B-B9D3-6F9A446B432B}.DebugAll|Any CPU.Build.0 = Debug|Any CPU
		{5206F0A9-5B90-443B-B9D3-6F9A446B432B}.DebugAll|Mixed Platforms.ActiveCfg = Debug|Any CPU
		{5206F0A9-5B90-443B-B9D3-6F9A446B432B}.DebugAll|Mixed Platforms.Build.0 = Debug|Any CPU
		{5206F0A9-5B90-443B-B9D3-6F9A446B432B}.DebugAll|Win32.ActiveCfg = Debug|Any CPU
		{5206F0A9-5B90-443B-B9D3-6F9A446B432B}.DebugAll|Win32.Build.0 = Debug|Any CPU
		{5206F0A9-5B90-443B-B9D3-6F9A446B432B}.DebugAll|ARM.ActiveCfg = Debug|Any CPU
		{5206F0A9-5B90-443B-B9D3-6F9A446B432B}.DebugAll|ARM.Build.0 = Debug|Any CPU
		{5206F0A9-5B90-443B-B9D3-6F9A446B432B}.DebugAll|x64.ActiveCfg = Debug|Any CPU
		{5206F0A9-5B90-443B-B9D3-6F9A446B432B}.DebugAll|x64.Build.0 = Debug|Any CPU
		{5206F0A9-5B90-443B-B9D3-6F9A446B432B}.DebugDll|Any CPU.ActiveCfg = Debug|Any CPU
		{5206F0A9-5B90-443B-B9D3-6F9A446B432B}.DebugDll|Mixed Platforms.ActiveCfg = Debug|Any CPU
		{5206F0A9-5B90-443B-B9D3-6F9A446B432B}.DebugDll|Win32.ActiveCfg = Debug|Any CPU
		{5206F0A9-5B90-443B-B9D3-6F9A446B432B}.DebugDll|ARM.ActiveCfg = Debug|Any CPU
		{5206F0A9-5B90-443B-B9D3-6F9A446B432B}.DebugDll|x64.ActiveCfg = Debug|Any CPU
		{5206F0A9-5B90-443B-B9D3-6F9A446B432B}.Release|Any CPU.ActiveCfg = Release|Any CPU
		{5206F0A9-5B90-443B-B9D3-6F9A446B432B}.Release|Any CPU.Build.0 = Release|Any CPU
		{5206F0A9-5B90-443B-B9D3-6F9A446B432B}.Release|Mixed Platforms.ActiveCfg = Release|Any CPU
		{5206F0A9-5B90-443B-B9D3-6F9A446B432B}.Release|Mixed Platforms.Build.0 = Release|Any CPU
		{5206F0A9-5B90-443B-B9D3-6F9A446B432B}.Release|Win32.ActiveCfg = Release|Any CPU
		{5206F0A9-5B90-443B-B9D3-6F9A446B432B}.Release|Win32.Build.0 = Release|Any CPU
		{5206F0A9-5B90-443B-B9D3-6F9A446B432B}.Release|ARM.ActiveCfg = Release|Any CPU
		{5206F0A9-5B90-443B-B9D3-6F9A446B432B}.Release|ARM.Build.0 = Release|Any CPU
		{5206F0A9-5B90-443B-B9D3-6F9A446B432B}.Release|x64.ActiveCfg = Release|Any CPU
		{5206F0A9-5B90-443B-B9D3-6F9A446B432B}.Release|x64.Build.0 = Release|Any CPU
		{5206F0A9-5B90-443B-B9D3-6F9A446B432B}.ReleaseAll|Any CPU.ActiveCfg = Release|Any CPU
		{5206F0A9-5B90-443B-B9D3-6F9A446B432B}.ReleaseAll|Any CPU.Build.0 = Release|Any CPU
		{5206F0A9-5B90-443B-B9D3-6F9A446B432B}.ReleaseAll|Mixed Platforms.ActiveCfg = Release|Any CPU
		{5206F0A9-5B90-443B-B9D3-6F9A446B432B}.ReleaseAll|Mixed Platforms.Build.0 = Release|Any CPU
		{5206F0A9-5B90-443B-B9D3-6F9A446B432B}.ReleaseAll|Win32.ActiveCfg = Release|Any CPU
		{5206F0A9-5B90-443B-B9D3-6F9A446B432B}.ReleaseAll|Win32.Build.0 = Release|Any CPU
		{5206F0A9-5B90-443B-B9D3-6F9A446B432B}.ReleaseAll|ARM.ActiveCfg = Release|Any CPU
		{5206F0A9-5B90-443B-B9D3-6F9A446B432B}.ReleaseAll|ARM.Build.0 = Release|Any CPU
		{5206F0A9-5B90-443B-B9D3-6F9A446B432B}.ReleaseAll|x64.ActiveCfg = Release|Any CPU
		{5206F0A9-5B90-443B-B9D3-6F9A446B432B}.ReleaseAll|x64.Build.0 = Release|Any CPU
		{5206F0A9-5B90-443B-B9D3-6F9A446B432B}.ReleaseDll|Any CPU.ActiveCfg = Release|Any CPU
		{5206F0A9-5B90-443B-B9D3-6F9A446B432B}.ReleaseDll|Mixed Platforms.ActiveCfg = Release|Any CPU
		{5206F0A9-5B90-443B-B9D3-6F9A446B432B}.ReleaseDll|Win32.ActiveCfg = Release|Any CPU
		{5206F0A9-5B90-443B-B9D3-6F9A446B432B}.ReleaseDll|ARM.ActiveCfg = Release|Any CPU
		{5206F0A9-5B90-443B-B9D3-6F9A446B432B}.ReleaseDll|x64.ActiveCfg = Release|Any CPU
		{E82F401C-9E73-447D-ADDE-56E9328C6140}.Debug|Any CPU.ActiveCfg = Debug|Any CPU
		{E82F401C-9E73-447D-ADDE-56E9328C6140}.Debug|Any CPU.Build.0 = Debug|Any CPU
		{E82F401C-9E73-447D-ADDE-56E9328C6140}.Debug|Mixed Platforms.ActiveCfg = Debug|Any CPU
		{E82F401C-9E73-447D-ADDE-56E9328C6140}.Debug|Mixed Platforms.Build.0 = Debug|Any CPU
		{E82F401C-9E73-447D-ADDE-56E9328C6140}.Debug|Win32.ActiveCfg = Debug|Any CPU
		{E82F401C-9E73-447D-ADDE-56E9328C6140}.Debug|Win32.Build.0 = Debug|Any CPU
		{E82F401C-9E73-447D-ADDE-56E9328C6140}.Debug|ARM.ActiveCfg = Debug|Any CPU
		{E82F401C-9E73-447D-ADDE-56E9328C6140}.Debug|ARM.Build.0 = Debug|Any CPU
		{E82F401C-9E73-447D-ADDE-56E9328C6140}.Debug|x64.ActiveCfg = Debug|Any CPU
		{E82F401C-9E73-447D-ADDE-56E9328C6140}.Debug|x64.Build.0 = Debug|Any CPU
		{E82F401C-9E73-447D-ADDE-56E9328C6140}.DebugAll|Any CPU.ActiveCfg = Debug|Any CPU
		{E82F401C-9E73-447D-ADDE-56E9328C6140}.DebugAll|Any CPU.Build.0 = Debug|Any CPU
		{E82F401C-9E73-447D-ADDE-56E9328C6140}.DebugAll|Mixed Platforms.ActiveCfg = Debug|Any CPU
		{E82F401C-9E73-447D-ADDE-56E9328C6140}.DebugAll|Mixed Platforms.Build.0 = Debug|Any CPU
		{E82F401C-9E73-447D-ADDE-56E9328C6140}.DebugAll|Win32.ActiveCfg = Debug|Any CPU
		{E82F401C-9E73-447D-ADDE-56E9328C6140}.DebugAll|Win32.Build.0 = Debug|Any CPU
		{E82F401C-9E73-447D-ADDE-56E9328C6140}.DebugAll|ARM.ActiveCfg = Debug|Any CPU
		{E82F401C-9E73-447D-ADDE-56E9328C6140}.DebugAll|ARM.Build.0 = Debug|Any CPU
		{E82F401C-9E73-447D-ADDE-56E9328C6140}.DebugAll|x64.ActiveCfg = Debug|Any CPU
		{E82F401C-9E73-447D-ADDE-56E9328C6140}.DebugAll|x64.Build.0 = Debug|Any CPU
		{E82F401C-9E73-447D-ADDE-56E9328C6140}.DebugDll|Any CPU.ActiveCfg = Debug|Any CPU
		{E82F401C-9E73-447D-ADDE-56E9328C6140}.DebugDll|Mixed Platforms.ActiveCfg = Debug|Any CPU
		{E82F401C-9E73-447D-ADDE-56E9328C6140}.DebugDll|Win32.ActiveCfg = Debug|Any CPU
		{E82F401C-9E73-447D-ADDE-56E9328C6140}.DebugDll|ARM.ActiveCfg = Debug|Any CPU
		{E82F401C-9E73-447D-ADDE-56E9328C6140}.DebugDll|x64.ActiveCfg = Debug|Any CPU
		{E82F401C-9E73-447D-ADDE-56E9328C6140}.Release|Any CPU.ActiveCfg = Release|Any CPU
		{E82F401C-9E73-447D-ADDE-56E9328C6140}.Release|Any CPU.Build.0 = Release|Any CPU
		{E82F401C-9E73-447D-ADDE-56E9328C6140}.Release|Mixed Platforms.ActiveCfg = Release|Any CPU
		{E82F401C-9E73-447D-ADDE-56E9328C6140}.Release|Mixed Platforms.Build.0 = Release|Any CPU
		{E82F401C-9E73-447D-ADDE-56E9328C6140}.Release|Win32.ActiveCfg = Release|Any CPU
		{E82F401C-9E73-447D-ADDE-56E9328C6140}.Release|Win32.Build.0 = Release|Any CPU
		{E82F401C-9E73-447D-ADDE-56E9328C6140}.Release|ARM.ActiveCfg = Release|Any CPU
		{E82F401C-9E73-447D-ADDE-56E9328C6140}.Release|ARM.Build.0 = Release|Any CPU
		{E82F401C-9E73-447D-ADDE-56E9328C6140}.Release|x64.ActiveCfg = Release|Any CPU
		{E82F401C-9E73-447D-ADDE-56E9328C6140}.Release|x64.Build.0 = Release|Any CPU
		{E82F401C-9E73-447D-ADDE-56E9328C6140}.ReleaseAll|Any CPU.ActiveCfg = Release|Any CPU
		{E82F401C-9E73-447D-ADDE-56E9328C6140}.ReleaseAll|Any CPU.Build.0 = Release|Any CPU
		{E82F401C-9E73-447D-ADDE-56E9328C6140}.ReleaseAll|Mixed Platforms.ActiveCfg = Release|Any CPU
		{E82F401C-9E73-447D-ADDE-56E9328C6140}.ReleaseAll|Mixed Platforms.Build.0 = Release|Any CPU
		{E82F401C-9E73-447D-ADDE-56E9328C6140}.ReleaseAll|Win32.ActiveCfg = Release|Any CPU
		{E82F401C-9E73-447D-ADDE-56E9328C6140}.ReleaseAll|Win32.Build.0 = Release|Any CPU
		{E82F401C-9E73-447D-ADDE-56E9328C6140}.ReleaseAll|ARM.ActiveCfg = Release|Any CPU
		{E82F401C-9E73-447D-ADDE-56E9328C6140}.ReleaseAll|ARM.Build.0 = Release|Any CPU
		{E82F401C-9E73-447D-ADDE-56E9328C6140}.ReleaseAll|x64.ActiveCfg = Release|Any CPU
		{E82F401C-9E73-447D-ADDE-56E9328C6140}.ReleaseAll|x64.Build.0 = Release|Any CPU
		{E82F401C-9E73-447D-ADDE-56E9328C6140}.ReleaseDll|Any CPU.ActiveCfg = Release|Any CPU
		{E82F401C-9E73-447D-ADDE-56E9328C6140}.ReleaseDll|Mixed Platforms.ActiveCfg = Release|Any CPU
		{E82F401C-9E73-447D-ADDE-56E9328C6140}.ReleaseDll|Win32.ActiveCfg = Release|Any CPU
		{E82F401C-9E73-447D-ADDE-56E9328C6140}.ReleaseDll|ARM.ActiveCfg = Release|Any CPU
		{E82F401C-9E73-447D-ADDE-56E9328C6140}.ReleaseDll|x64.ActiveCfg = Release|Any CPU
		{40AA81A1-6256-4259-97C4-5F6FA69AAFE8}.Debug|Any CPU.ActiveCfg = Debug|Any CPU
		{40AA81A1-6256-4259-97C4-5F6FA69AAFE8}.Debug|Any CPU.Build.0 = Debug|Any CPU
		{40AA81A1-6256-4259-97C4-5F6FA69AAFE8}.Debug|Mixed Platforms.ActiveCfg = Debug|Any CPU
		{40AA81A1-6256-4259-97C4-5F6FA69AAFE8}.Debug|Mixed Platforms.Build.0 = Debug|Any CPU
		{40AA81A1-6256-4259-97C4-5F6FA69AAFE8}.Debug|Win32.ActiveCfg = Debug|Any CPU
		{40AA81A1-6256-4259-97C4-5F6FA69AAFE8}.Debug|Win32.Build.0 = Debug|Any CPU
		{40AA81A1-6256-4259-97C4-5F6FA69AAFE8}.Debug|ARM.ActiveCfg = Debug|Any CPU
		{40AA81A1-6256-4259-97C4-5F6FA69AAFE8}.Debug|ARM.Build.0 = Debug|Any CPU
		{40AA81A1-6256-4259-97C4-5F6FA69AAFE8}.Debug|x64.ActiveCfg = Debug|Any CPU
		{40AA81A1-6256-4259-97C4-5F6FA69AAFE8}.Debug|x64.Build.0 = Debug|Any CPU
		{40AA81A1-6256-4259-97C4-5F6FA69AAFE8}.DebugAll|Any CPU.ActiveCfg = Debug|Any CPU
		{40AA81A1-6256-4259-97C4-5F6FA69AAFE8}.DebugAll|Any CPU.Build.0 = Debug|Any CPU
		{40AA81A1-6256-4259-97C4-5F6FA69AAFE8}.DebugAll|Mixed Platforms.ActiveCfg = Debug|Any CPU
		{40AA81A1-6256-4259-97C4-5F6FA69AAFE8}.DebugAll|Mixed Platforms.Build.0 = Debug|Any CPU
		{40AA81A1-6256-4259-97C4-5F6FA69AAFE8}.DebugAll|Win32.ActiveCfg = Debug|Any CPU
		{40AA81A1-6256-4259-97C4-5F6FA69AAFE8}.DebugAll|Win32.Build.0 = Debug|Any CPU
		{40AA81A1-6256-4259-97C4-5F6FA69AAFE8}.DebugAll|ARM.ActiveCfg = Debug|Any CPU
		{40AA81A1-6256-4259-97C4-5F6FA69AAFE8}.DebugAll|ARM.Build.0 = Debug|Any CPU
		{40AA81A1-6256-4259-97C4-5F6FA69AAFE8}.DebugAll|x64.ActiveCfg = Debug|Any CPU
		{40AA81A1-6256-4259-97C4-5F6FA69AAFE8}.DebugAll|x64.Build.0 = Debug|Any CPU
		{40AA81A1-6256-4259-97C4-5F6FA69AAFE8}.DebugDll|Any CPU.ActiveCfg = Debug|Any CPU
		{40AA81A1-6256-4259-97C4-5F6FA69AAFE8}.DebugDll|Mixed Platforms.ActiveCfg = Debug|Any CPU
		{40AA81A1-6256-4259-97C4-5F6FA69AAFE8}.DebugDll|Win32.ActiveCfg = Debug|Any CPU
		{40AA81A1-6256-4259-97C4-5F6FA69AAFE8}.DebugDll|ARM.ActiveCfg = Debug|Any CPU
		{40AA81A1-6256-4259-97C4-5F6FA69AAFE8}.DebugDll|x64.ActiveCfg = Debug|Any CPU
		{40AA81A1-6256-4259-97C4-5F6FA69AAFE8}.Release|Any CPU.ActiveCfg = Release|Any CPU
		{40AA81A1-6256-4259-97C4-5F6FA69AAFE8}.Release|Any CPU.Build.0 = Release|Any CPU
		{40AA81A1-6256-4259-97C4-5F6FA69AAFE8}.Release|Mixed Platforms.ActiveCfg = Release|Any CPU
		{40AA81A1-6256-4259-97C4-5F6FA69AAFE8}.Release|Mixed Platforms.Build.0 = Release|Any CPU
		{40AA81A1-6256-4259-97C4-5F6FA69AAFE8}.Release|Win32.ActiveCfg = Release|Any CPU
		{40AA81A1-6256-4259-97C4-5F6FA69AAFE8}.Release|Win32.Build.0 = Release|Any CPU
		{40AA81A1-6256-4259-97C4-5F6FA69AAFE8}.Release|ARM.ActiveCfg = Release|Any CPU
		{40AA81A1-6256-4259-97C4-5F6FA69AAFE8}.Release|ARM.Build.0 = Release|Any CPU
		{40AA81A1-6256-4259-97C4-5F6FA69AAFE8}.Release|x64.ActiveCfg = Release|Any CPU
		{40AA81A1-6256-4259-97C4-5F6FA69AAFE8}.Release|x64.Build.0 = Release|Any CPU
		{40AA81A1-6256-4259-97C4-5F6FA69AAFE8}.ReleaseAll|Any CPU.ActiveCfg = Release|Any CPU
		{40AA81A1-6256-4259-97C4-5F6FA69AAFE8}.ReleaseAll|Any CPU.Build.0 = Release|Any CPU
		{40AA81A1-6256-4259-97C4-5F6FA69AAFE8}.ReleaseAll|Mixed Platforms.ActiveCfg = Release|Any CPU
		{40AA81A1-6256-4259-97C4-5F6FA69AAFE8}.ReleaseAll|Mixed Platforms.Build.0 = Release|Any CPU
		{40AA81A1-6256-4259-97C4-5F6FA69AAFE8}.ReleaseAll|Win32.ActiveCfg = Release|Any CPU
		{40AA81A1-6256-4259-97C4-5F6FA69AAFE8}.ReleaseAll|Win32.Build.0 = Release|Any CPU
		{40AA81A1-6256-4259-97C4-5F6FA69AAFE8}.ReleaseAll|ARM.ActiveCfg = Release|Any CPU
		{40AA81A1-6256-4259-97C4-5F6FA69AAFE8}.ReleaseAll|ARM.Build.0 = Release|Any CPU
		{40AA81A1-6256-4259-97C4-5F6FA69AAFE8}.ReleaseAll|x64.ActiveCfg = Release|Any CPU
		{40AA81A1-6256-4259-97C4-5F6FA69AAFE8}.ReleaseAll|x64.Build.0 = Release|Any CPU
		{40AA81A1-6256-4259-97C4-5F6FA69AAFE8}.ReleaseDll|Any CPU.ActiveCfg = Release|Any CPU
		{40AA81A1-6256-4259-97C4-5F6FA69AAFE8}.ReleaseDll|Mixed Platforms.ActiveCfg = Release|Any CPU
		{40AA81A1-6256-4259-97C4-5F6FA69AAFE8}.ReleaseDll|Win32.ActiveCfg = Release|Any CPU
		{40AA81A1-6256-4259-97C4-5F6FA69AAFE8}.ReleaseDll|ARM.ActiveCfg = Release|Any CPU
		{40AA81A1-6256-4259-97C4-5F6FA69AAFE8}.ReleaseDll|x64.ActiveCfg = Release|Any CPU
		{35481897-62AF-4A7A-8405-31556C168656}.Debug|Any CPU.ActiveCfg = Debug|Any CPU
		{35481897-62AF-4A7A-8405-31556C168656}.Debug|Any CPU.Build.0 = Debug|Any CPU
		{35481897-62AF-4A7A-8405-31556C168656}.Debug|Mixed Platforms.ActiveCfg = Debug|Any CPU
		{35481897-62AF-4A7A-8405-31556C168656}.Debug|Mixed Platforms.Build.0 = Debug|Any CPU
		{35481897-62AF-4A7A-8405-31556C168656}.Debug|Win32.ActiveCfg = Debug|Any CPU
		{35481897-62AF-4A7A-8405-31556C168656}.Debug|Win32.Build.0 = Debug|Any CPU
		{35481897-62AF-4A7A-8405-31556C168656}.Debug|ARM.ActiveCfg = Debug|Any CPU
		{35481897-62AF-4A7A-8405-31556C168656}.Debug|ARM.Build.0 = Debug|Any CPU
		{35481897-62AF-4A7A-8405-31556C168656}.Debug|x64.ActiveCfg = Debug|Any CPU
		{35481897-62AF-4A7A-8405-31556C168656}.Debug|x64.Build.0 = Debug|Any CPU
		{35481897-62AF-4A7A-8405-31556C168656}.DebugAll|Any CPU.ActiveCfg = Debug|Any CPU
		{35481897-62AF-4A7A-8405-31556C168656}.DebugAll|Any CPU.Build.0 = Debug|Any CPU
		{35481897-62AF-4A7A-8405-31556C168656}.DebugAll|Mixed Platforms.ActiveCfg = Debug|Any CPU
		{35481897-62AF-4A7A-8405-31556C168656}.DebugAll|Mixed Platforms.Build.0 = Debug|Any CPU
		{35481897-62AF-4A7A-8405-31556C168656}.DebugAll|Win32.ActiveCfg = Debug|Any CPU
		{35481897-62AF-4A7A-8405-31556C168656}.DebugAll|Win32.Build.0 = Debug|Any CPU
		{35481897-62AF-4A7A-8405-31556C168656}.DebugAll|ARM.ActiveCfg = Debug|Any CPU
		{35481897-62AF-4A7A-8405-31556C168656}.DebugAll|ARM.Build.0 = Debug|Any CPU
		{35481897-62AF-4A7A-8405-31556C168656}.DebugAll|x64.ActiveCfg = Debug|Any CPU
		{35481897-62AF-4A7A-8405-31556C168656}.DebugAll|x64.Build.0 = Debug|Any CPU
		{35481897-62AF-4A7A-8405-31556C168656}.DebugDll|Any CPU.ActiveCfg = Debug|Any CPU
		{35481897-62AF-4A7A-8405-31556C168656}.DebugDll|Mixed Platforms.ActiveCfg = Debug|Any CPU
		{35481897-62AF-4A7A-8405-31556C168656}.DebugDll|Win32.ActiveCfg = Debug|Any CPU
		{35481897-62AF-4A7A-8405-31556C168656}.DebugDll|ARM.ActiveCfg = Debug|Any CPU
		{35481897-62AF-4A7A-8405-31556C168656}.DebugDll|x64.ActiveCfg = Debug|Any CPU
		{35481897-62AF-4A7A-8405-31556C168656}.Release|Any CPU.ActiveCfg = Release|Any CPU
		{35481897-62AF-4A7A-8405-31556C168656}.Release|Any CPU.Build.0 = Release|Any CPU
		{35481897-62AF-4A7A-8405-31556C168656}.Release|Mixed Platforms.ActiveCfg = Release|Any CPU
		{35481897-62AF-4A7A-8405-31556C168656}.Release|Mixed Platforms.Build.0 = Release|Any CPU
		{35481897-62AF-4A7A-8405-31556C168656}.Release|Win32.ActiveCfg = Release|Any CPU
		{35481897-62AF-4A7A-8405-31556C168656}.Release|Win32.Build.0 = Release|Any CPU
		{35481897-62AF-4A7A-8405-31556C168656}.Release|ARM.ActiveCfg = Release|Any CPU
		{35481897-62AF-4A7A-8405-31556C168656}.Release|ARM.Build.0 = Release|Any CPU
		{35481897-62AF-4A7A-8405-31556C168656}.Release|x64.ActiveCfg = Release|Any CPU
		{35481897-62AF-4A7A-8405-31556C168656}.Release|x64.Build.0 = Release|Any CPU
		{35481897-62AF-4A7A-8405-31556C168656}.ReleaseAll|Any CPU.ActiveCfg = Release|Any CPU
		{35481897-62AF-4A7A-8405-31556C168656}.ReleaseAll|Any CPU.Build.0 = Release|Any CPU
		{35481897-62AF-4A7A-8405-31556C168656}.ReleaseAll|Mixed Platforms.ActiveCfg = Release|Any CPU
		{35481897-62AF-4A7A-8405-31556C168656}.ReleaseAll|Mixed Platforms.Build.0 = Release|Any CPU
		{35481897-62AF-4A7A-8405-31556C168656}.ReleaseAll|Win32.ActiveCfg = Release|Any CPU
		{35481897-62AF-4A7A-8405-31556C168656}.ReleaseAll|Win32.Build.0 = Release|Any CPU
		{35481897-62AF-4A7A-8405-31556C168656}.ReleaseAll|ARM.ActiveCfg = Release|Any CPU
		{35481897-62AF-4A7A-8405-31556C168656}.ReleaseAll|ARM.Build.0 = Release|Any CPU
		{35481897-62AF-4A7A-8405-31556C168656}.ReleaseAll|x64.ActiveCfg = Release|Any CPU
		{35481897-62AF-4A7A-8405-31556C168656}.ReleaseAll|x64.Build.0 = Release|Any CPU
		{35481897-62AF-4A7A-8405-31556C168656}.ReleaseDll|Any CPU.ActiveCfg = Release|Any CPU
		{35481897-62AF-4A7A-8405-31556C168656}.ReleaseDll|Mixed Platforms.ActiveCfg = Release|Any CPU
		{35481897-62AF-4A7A-8405-31556C168656}.ReleaseDll|Win32.ActiveCfg = Release|Any CPU
		{35481897-62AF-4A7A-8405-31556C168656}.ReleaseDll|ARM.ActiveCfg = Release|Any CPU
		{35481897-62AF-4A7A-8405-31556C168656}.ReleaseDll|x64.ActiveCfg = Release|Any CPU
		{3F23EC95-485A-427C-9F0D-786C2974DA22}.Debug|Any CPU.ActiveCfg = Debug|Any CPU
		{3F23EC95-485A-427C-9F0D-786C2974DA22}.Debug|Any CPU.Build.0 = Debug|Any CPU
		{3F23EC95-485A-427C-9F0D-786C2974DA22}.Debug|Mixed Platforms.ActiveCfg = Debug|Any CPU
		{3F23EC95-485A-427C-9F0D-786C2974DA22}.Debug|Mixed Platforms.Build.0 = Debug|Any CPU
		{3F23EC95-485A-427C-9F0D-786C2974DA22}.Debug|Win32.ActiveCfg = Debug|Any CPU
		{3F23EC95-485A-427C-9F0D-786C2974DA22}.Debug|Win32.Build.0 = Debug|Any CPU
		{3F23EC95-485A-427C-9F0D-786C2974DA22}.Debug|ARM.ActiveCfg = Debug|Any CPU
		{3F23EC95-485A-427C-9F0D-786C2974DA22}.Debug|ARM.Build.0 = Debug|Any CPU
		{3F23EC95-485A-427C-9F0D-786C2974DA22}.Debug|x64.ActiveCfg = Debug|Any CPU
		{3F23EC95-485A-427C-9F0D-786C2974DA22}.Debug|x64.Build.0 = Debug|Any CPU
		{3F23EC95-485A-427C-9F0D-786C2974DA22}.DebugAll|Any CPU.ActiveCfg = Debug|Any CPU
		{3F23EC95-485A-427C-9F0D-786C2974DA22}.DebugAll|Any CPU.Build.0 = Debug|Any CPU
		{3F23EC95-485A-427C-9F0D-786C2974DA22}.DebugAll|Mixed Platforms.ActiveCfg = Debug|Any CPU
		{3F23EC95-485A-427C-9F0D-786C2974DA22}.DebugAll|Mixed Platforms.Build.0 = Debug|Any CPU
		{3F23EC95-485A-427C-9F0D-786C2974DA22}.DebugAll|Win32.ActiveCfg = Debug|Any CPU
		{3F23EC95-485A-427C-9F0D-786C2974DA22}.DebugAll|Win32.Build.0 = Debug|Any CPU
		{3F23EC95-485A-427C-9F0D-786C2974DA22}.DebugAll|ARM.ActiveCfg = Debug|Any CPU
		{3F23EC95-485A-427C-9F0D-786C2974DA22}.DebugAll|ARM.Build.0 = Debug|Any CPU
		{3F23EC95-485A-427C-9F0D-786C2974DA22}.DebugAll|x64.ActiveCfg = Debug|Any CPU
		{3F23EC95-485A-427C-9F0D-786C2974DA22}.DebugAll|x64.Build.0 = Debug|Any CPU
		{3F23EC95-485A-427C-9F0D-786C2974DA22}.DebugDll|Any CPU.ActiveCfg = Debug|Any CPU
		{3F23EC95-485A-427C-9F0D-786C2974DA22}.DebugDll|Mixed Platforms.ActiveCfg = Debug|Any CPU
		{3F23EC95-485A-427C-9F0D-786C2974DA22}.DebugDll|Win32.ActiveCfg = Debug|Any CPU
		{3F23EC95-485A-427C-9F0D-786C2974DA22}.DebugDll|ARM.ActiveCfg = Debug|Any CPU
		{3F23EC95-485A-427C-9F0D-786C2974DA22}.DebugDll|x64.ActiveCfg = Debug|Any CPU
		{3F23EC95-485A-427C-9F0D-786C2974DA22}.Release|Any CPU.ActiveCfg = Release|Any CPU
		{3F23EC95-485A-427C-9F0D-786C2974DA22}.Release|Any CPU.Build.0 = Release|Any CPU
		{3F23EC95-485A-427C-9F0D-786C2974DA22}.Release|Mixed Platforms.ActiveCfg = Release|Any CPU
		{3F23EC95-485A-427C-9F0D-786C2974DA22}.Release|Mixed Platforms.Build.0 = Release|Any CPU
		{3F23EC95-485A-427C-9F0D-786C2974DA22}.Release|Win32.ActiveCfg = Release|Any CPU
		{3F23EC95-485A-427C-9F0D-786C2974DA22}.Release|Win32.Build.0 = Release|Any CPU
		{3F23EC95-485A-427C-9F0D-786C2974DA22}.Release|ARM.ActiveCfg = Release|Any CPU
		{3F23EC95-485A-427C-9F0D-786C2974DA22}.Release|ARM.Build.0 = Release|Any CPU
		{3F23EC95-485A-427C-9F0D-786C2974DA22}.Release|x64.ActiveCfg = Release|Any CPU
		{3F23EC95-485A-427C-9F0D-786C2974DA22}.Release|x64.Build.0 = Release|Any CPU
		{3F23EC95-485A-427C-9F0D-786C2974DA22}.ReleaseAll|Any CPU.ActiveCfg = Release|Any CPU
		{3F23EC95-485A-427C-9F0D-786C2974DA22}.ReleaseAll|Any CPU.Build.0 = Release|Any CPU
		{3F23EC95-485A-427C-9F0D-786C2974DA22}.ReleaseAll|Mixed Platforms.ActiveCfg = Release|Any CPU
		{3F23EC95-485A-427C-9F0D-786C2974DA22}.ReleaseAll|Mixed Platforms.Build.0 = Release|Any CPU
		{3F23EC95-485A-427C-9F0D-786C2974DA22}.ReleaseAll|Win32.ActiveCfg = Release|Any CPU
		{3F23EC95-485A-427C-9F0D-786C2974DA22}.ReleaseAll|Win32.Build.0 = Release|Any CPU
		{3F23EC95-485A-427C-9F0D-786C2974DA22}.ReleaseAll|ARM.ActiveCfg = Release|Any CPU
		{3F23EC95-485A-427C-9F0D-786C2974DA22}.ReleaseAll|ARM.Build.0 = Release|Any CPU
		{3F23EC95-485A-427C-9F0D-786C2974DA22}.ReleaseAll|x64.ActiveCfg = Release|Any CPU
		{3F23EC95-485A-427C-9F0D-786C2974DA22}.ReleaseAll|x64.Build.0 = Release|Any CPU
		{3F23EC95-485A-427C-9F0D-786C2974DA22}.ReleaseDll|Any CPU.ActiveCfg = Release|Any CPU
		{3F23EC95-485A-427C-9F0D-786C2974DA22}.ReleaseDll|Mixed Platforms.ActiveCfg = Release|Any CPU
		{3F23EC95-485A-427C-9F0D-786C2974DA22}.ReleaseDll|Win32.ActiveCfg = Release|Any CPU
		{3F23EC95-485A-427C-9F0D-786C2974DA22}.ReleaseDll|ARM.ActiveCfg = Release|Any CPU
		{3F23EC95-485A-427C-9F0D-786C2974DA22}.ReleaseDll|x64.ActiveCfg = Release|Any CPU
		{FAF8612D-A51E-4B31-BBEA-5E2BE55A0209}.Debug|Any CPU.ActiveCfg = Debug|Any CPU
		{FAF8612D-A51E-4B31-BBEA-5E2BE55A0209}.Debug|Any CPU.Build.0 = Debug|Any CPU
		{FAF8612D-A51E-4B31-BBEA-5E2BE55A0209}.Debug|Mixed Platforms.ActiveCfg = Debug|Any CPU
		{FAF8612D-A51E-4B31-BBEA-5E2BE55A0209}.Debug|Mixed Platforms.Build.0 = Debug|Any CPU
		{FAF8612D-A51E-4B31-BBEA-5E2BE55A0209}.Debug|Win32.ActiveCfg = Debug|Any CPU
		{FAF8612D-A51E-4B31-BBEA-5E2BE55A0209}.Debug|Win32.Build.0 = Debug|Any CPU
		{FAF8612D-A51E-4B31-BBEA-5E2BE55A0209}.Debug|ARM.ActiveCfg = Debug|Any CPU
		{FAF8612D-A51E-4B31-BBEA-5E2BE55A0209}.Debug|ARM.Build.0 = Debug|Any CPU
		{FAF8612D-A51E-4B31-BBEA-5E2BE55A0209}.Debug|x64.ActiveCfg = Debug|Any CPU
		{FAF8612D-A51E-4B31-BBEA-5E2BE55A0209}.Debug|x64.Build.0 = Debug|Any CPU
		{FAF8612D-A51E-4B31-BBEA-5E2BE55A0209}.DebugAll|Any CPU.ActiveCfg = Debug|Any CPU
		{FAF8612D-A51E-4B31-BBEA-5E2BE55A0209}.DebugAll|Any CPU.Build.0 = Debug|Any CPU
		{FAF8612D-A51E-4B31-BBEA-5E2BE55A0209}.DebugAll|Mixed Platforms.ActiveCfg = Debug|Any CPU
		{FAF8612D-A51E-4B31-BBEA-5E2BE55A0209}.DebugAll|Mixed Platforms.Build.0 = Debug|Any CPU
		{FAF8612D-A51E-4B31-BBEA-5E2BE55A0209}.DebugAll|Win32.ActiveCfg = Debug|Any CPU
		{FAF8612D-A51E-4B31-BBEA-5E2BE55A0209}.DebugAll|Win32.Build.0 = Debug|Any CPU
		{FAF8612D-A51E-4B31-BBEA-5E2BE55A0209}.DebugAll|ARM.ActiveCfg = Debug|Any CPU
		{FAF8612D-A51E-4B31-BBEA-5E2BE55A0209}.DebugAll|ARM.Build.0 = Debug|Any CPU
		{FAF8612D-A51E-4B31-BBEA-5E2BE55A0209}.DebugAll|x64.ActiveCfg = Debug|Any CPU
		{FAF8612D-A51E-4B31-BBEA-5E2BE55A0209}.DebugAll|x64.Build.0 = Debug|Any CPU
		{FAF8612D-A51E-4B31-BBEA-5E2BE55A0209}.DebugDll|Any CPU.ActiveCfg = Debug|Any CPU
		{FAF8612D-A51E-4B31-BBEA-5E2BE55A0209}.DebugDll|Mixed Platforms.ActiveCfg = Debug|Any CPU
		{FAF8612D-A51E-4B31-BBEA-5E2BE55A0209}.DebugDll|Win32.ActiveCfg = Debug|Any CPU
		{FAF8612D-A51E-4B31-BBEA-5E2BE55A0209}.DebugDll|ARM.ActiveCfg = Debug|Any CPU
		{FAF8612D-A51E-4B31-BBEA-5E2BE55A0209}.DebugDll|x64.ActiveCfg = Debug|Any CPU
		{FAF8612D-A51E-4B31-BBEA-5E2BE55A0209}.Release|Any CPU.ActiveCfg = Release|Any CPU
		{FAF8612D-A51E-4B31-BBEA-5E2BE55A0209}.Release|Any CPU.Build.0 = Release|Any CPU
		{FAF8612D-A51E-4B31-BBEA-5E2BE55A0209}.Release|Mixed Platforms.ActiveCfg = Release|Any CPU
		{FAF8612D-A51E-4B31-BBEA-5E2BE55A0209}.Release|Mixed Platforms.Build.0 = Release|Any CPU
		{FAF8612D-A51E-4B31-BBEA-5E2BE55A0209}.Release|Win32.ActiveCfg = Release|Any CPU
		{FAF8612D-A51E-4B31-BBEA-5E2BE55A0209}.Release|Win32.Build.0 = Release|Any CPU
		{FAF8612D-A51E-4B31-BBEA-5E2BE55A0209}.Release|ARM.ActiveCfg = Release|Any CPU
		{FAF8612D-A51E-4B31-BBEA-5E2BE55A0209}.Release|ARM.Build.0 = Release|Any CPU
		{FAF8612D-A51E-4B31-BBEA-5E2BE55A0209}.Release|x64.ActiveCfg = Release|Any CPU
		{FAF8612D-A51E-4B31-BBEA-5E2BE55A0209}.Release|x64.Build.0 = Release|Any CPU
		{FAF8612D-A51E-4B31-BBEA-5E2BE55A0209}.ReleaseAll|Any CPU.ActiveCfg = Release|Any CPU
		{FAF8612D-A51E-4B31-BBEA-5E2BE55A0209}.ReleaseAll|Any CPU.Build.0 = Release|Any CPU
		{FAF8612D-A51E-4B31-BBEA-5E2BE55A0209}.ReleaseAll|Mixed Platforms.ActiveCfg = Release|Any CPU
		{FAF8612D-A51E-4B31-BBEA-5E2BE55A0209}.ReleaseAll|Mixed Platforms.Build.0 = Release|Any CPU
		{FAF8612D-A51E-4B31-BBEA-5E2BE55A0209}.ReleaseAll|Win32.ActiveCfg = Release|Any CPU
		{FAF8612D-A51E-4B31-BBEA-5E2BE55A0209}.ReleaseAll|Win32.Build.0 = Release|Any CPU
		{FAF8612D-A51E-4B31-BBEA-5E2BE55A0209}.ReleaseAll|ARM.ActiveCfg = Release|Any CPU
		{FAF8612D-A51E-4B31-BBEA-5E2BE55A0209}.ReleaseAll|ARM.Build.0 = Release|Any CPU
		{FAF8612D-A51E-4B31-BBEA-5E2BE55A0209}.ReleaseAll|x64.ActiveCfg = Release|Any CPU
		{FAF8612D-A51E-4B31-BBEA-5E2BE55A0209}.ReleaseAll|x64.Build.0 = Release|Any CPU
		{FAF8612D-A51E-4B31-BBEA-5E2BE55A0209}.ReleaseDll|Any CPU.ActiveCfg = Release|Any CPU
		{FAF8612D-A51E-4B31-BBEA-5E2BE55A0209}.ReleaseDll|Mixed Platforms.ActiveCfg = Release|Any CPU
		{FAF8612D-A51E-4B31-BBEA-5E2BE55A0209}.ReleaseDll|Win32.ActiveCfg = Release|Any CPU
		{FAF8612D-A51E-4B31-BBEA-5E2BE55A0209}.ReleaseDll|ARM.ActiveCfg = Release|Any CPU
		{FAF8612D-A51E-4B31-BBEA-5E2BE55A0209}.ReleaseDll|x64.ActiveCfg = Release|Any CPU
		{788E5470-2783-4F6D-B6C9-FA6AE3F700C6}.Debug|Any CPU.ActiveCfg = Debug|Any CPU
		{788E5470-2783-4F6D-B6C9-FA6AE3F700C6}.Debug|Any CPU.Build.0 = Debug|Any CPU
		{788E5470-2783-4F6D-B6C9-FA6AE3F700C6}.Debug|Mixed Platforms.ActiveCfg = Debug|Any CPU
		{788E5470-2783-4F6D-B6C9-FA6AE3F700C6}.Debug|Mixed Platforms.Build.0 = Debug|Any CPU
		{788E5470-2783-4F6D-B6C9-FA6AE3F700C6}.Debug|Win32.ActiveCfg = Debug|Any CPU
		{788E5470-2783-4F6D-B6C9-FA6AE3F700C6}.Debug|Win32.Build.0 = Debug|Any CPU
		{788E5470-2783-4F6D-B6C9-FA6AE3F700C6}.Debug|ARM.ActiveCfg = Debug|Any CPU
		{788E5470-2783-4F6D-B6C9-FA6AE3F700C6}.Debug|ARM.Build.0 = Debug|Any CPU
		{788E5470-2783-4F6D-B6C9-FA6AE3F700C6}.Debug|x64.ActiveCfg = Debug|Any CPU
		{788E5470-2783-4F6D-B6C9-FA6AE3F700C6}.Debug|x64.Build.0 = Debug|Any CPU
		{788E5470-2783-4F6D-B6C9-FA6AE3F700C6}.DebugAll|Any CPU.ActiveCfg = Debug|Any CPU
		{788E5470-2783-4F6D-B6C9-FA6AE3F700C6}.DebugAll|Any CPU.Build.0 = Debug|Any CPU
		{788E5470-2783-4F6D-B6C9-FA6AE3F700C6}.DebugAll|Mixed Platforms.ActiveCfg = Debug|Any CPU
		{788E5470-2783-4F6D-B6C9-FA6AE3F700C6}.DebugAll|Mixed Platforms.Build.0 = Debug|Any CPU
		{788E5470-2783-4F6D-B6C9-FA6AE3F700C6}.DebugAll|Win32.ActiveCfg = Debug|Any CPU
		{788E5470-2783-4F6D-B6C9-FA6AE3F700C6}.DebugAll|Win32.Build.0 = Debug|Any CPU
		{788E5470-2783-4F6D-B6C9-FA6AE3F700C6}.DebugAll|ARM.ActiveCfg = Debug|Any CPU
		{788E5470-2783-4F6D-B6C9-FA6AE3F700C6}.DebugAll|ARM.Build.0 = Debug|Any CPU
		{788E5470-2783-4F6D-B6C9-FA6AE3F700C6}.DebugAll|x64.ActiveCfg = Debug|Any CPU
		{788E5470-2783-4F6D-B6C9-FA6AE3F700C6}.DebugAll|x64.Build.0 = Debug|Any CPU
		{788E5470-2783-4F6D-B6C9-FA6AE3F700C6}.DebugDll|Any CPU.ActiveCfg = Debug|Any CPU
		{788E5470-2783-4F6D-B6C9-FA6AE3F700C6}.DebugDll|Mixed Platforms.ActiveCfg = Debug|Any CPU
		{788E5470-2783-4F6D-B6C9-FA6AE3F700C6}.DebugDll|Win32.ActiveCfg = Debug|Any CPU
		{788E5470-2783-4F6D-B6C9-FA6AE3F700C6}.DebugDll|ARM.ActiveCfg = Debug|Any CPU
		{788E5470-2783-4F6D-B6C9-FA6AE3F700C6}.DebugDll|x64.ActiveCfg = Debug|Any CPU
		{788E5470-2783-4F6D-B6C9-FA6AE3F700C6}.Release|Any CPU.ActiveCfg = Release|Any CPU
		{788E5470-2783-4F6D-B6C9-FA6AE3F700C6}.Release|Any CPU.Build.0 = Release|Any CPU
		{788E5470-2783-4F6D-B6C9-FA6AE3F700C6}.Release|Mixed Platforms.ActiveCfg = Release|Any CPU
		{788E5470-2783-4F6D-B6C9-FA6AE3F700C6}.Release|Mixed Platforms.Build.0 = Release|Any CPU
		{788E5470-2783-4F6D-B6C9-FA6AE3F700C6}.Release|Win32.ActiveCfg = Release|Any CPU
		{788E5470-2783-4F6D-B6C9-FA6AE3F700C6}.Release|Win32.Build.0 = Release|Any CPU
		{788E5470-2783-4F6D-B6C9-FA6AE3F700C6}.Release|ARM.ActiveCfg = Release|Any CPU
		{788E5470-2783-4F6D-B6C9-FA6AE3F700C6}.Release|ARM.Build.0 = Release|Any CPU
		{788E5470-2783-4F6D-B6C9-FA6AE3F700C6}.Release|x64.ActiveCfg = Release|Any CPU
		{788E5470-2783-4F6D-B6C9-FA6AE3F700C6}.Release|x64.Build.0 = Release|Any CPU
		{788E5470-2783-4F6D-B6C9-FA6AE3F700C6}.ReleaseAll|Any CPU.ActiveCfg = Release|Any CPU
		{788E5470-2783-4F6D-B6C9-FA6AE3F700C6}.ReleaseAll|Any CPU.Build.0 = Release|Any CPU
		{788E5470-2783-4F6D-B6C9-FA6AE3F700C6}.ReleaseAll|Mixed Platforms.ActiveCfg = Release|Any CPU
		{788E5470-2783-4F6D-B6C9-FA6AE3F700C6}.ReleaseAll|Mixed Platforms.Build.0 = Release|Any CPU
		{788E5470-2783-4F6D-B6C9-FA6AE3F700C6}.ReleaseAll|Win32.ActiveCfg = Release|Any CPU
		{788E5470-2783-4F6D-B6C9-FA6AE3F700C6}.ReleaseAll|Win32.Build.0 = Release|Any CPU
		{788E5470-2783-4F6D-B6C9-FA6AE3F700C6}.ReleaseAll|ARM.ActiveCfg = Release|Any CPU
		{788E5470-2783-4F6D-B6C9-FA6AE3F700C6}.ReleaseAll|ARM.Build.0 = Release|Any CPU
		{788E5470-2783-4F6D-B6C9-FA6AE3F700C6}.ReleaseAll|x64.ActiveCfg = Release|Any CPU
		{788E5470-2783-4F6D-B6C9-FA6AE3F700C6}.ReleaseAll|x64.Build.0 = Release|Any CPU
		{788E5470-2783-4F6D-B6C9-FA6AE3F700C6}.ReleaseDll|Any CPU.ActiveCfg = Release|Any CPU
		{788E5470-2783-4F6D-B6C9-FA6AE3F700C6}.ReleaseDll|Mixed Platforms.ActiveCfg = Release|Any CPU
		{788E5470-2783-4F6D-B6C9-FA6AE3F700C6}.ReleaseDll|Win32.ActiveCfg = Release|Any CPU
		{788E5470-2783-4F6D-B6C9-FA6AE3F700C6}.ReleaseDll|ARM.ActiveCfg = Release|Any CPU
		{788E5470-2783-4F6D-B6C9-FA6AE3F700C6}.ReleaseDll|x64.ActiveCfg = Release|Any CPU
		{1D1E7DDA-7A47-4AC7-9648-5A12A91349C9}.Debug|Any CPU.ActiveCfg = Debug|Any CPU
		{1D1E7DDA-7A47-4AC7-9648-5A12A91349C9}.Debug|Any CPU.Build.0 = Debug|Any CPU
		{1D1E7DDA-7A47-4AC7-9648-5A12A91349C9}.Debug|Mixed Platforms.ActiveCfg = Debug|Any CPU
		{1D1E7DDA-7A47-4AC7-9648-5A12A91349C9}.Debug|Mixed Platforms.Build.0 = Debug|Any CPU
		{1D1E7DDA-7A47-4AC7-9648-5A12A91349C9}.Debug|Win32.ActiveCfg = Debug|Any CPU
		{1D1E7DDA-7A47-4AC7-9648-5A12A91349C9}.Debug|Win32.Build.0 = Debug|Any CPU
		{1D1E7DDA-7A47-4AC7-9648-5A12A91349C9}.Debug|ARM.ActiveCfg = Debug|Any CPU
		{1D1E7DDA-7A47-4AC7-9648-5A12A91349C9}.Debug|ARM.Build.0 = Debug|Any CPU
		{1D1E7DDA-7A47-4AC7-9648-5A12A91349C9}.Debug|x64.ActiveCfg = Debug|Any CPU
		{1D1E7DDA-7A47-4AC7-9648-5A12A91349C9}.Debug|x64.Build.0 = Debug|Any CPU
		{1D1E7DDA-7A47-4AC7-9648-5A12A91349C9}.DebugAll|Any CPU.ActiveCfg = Debug|Any CPU
		{1D1E7DDA-7A47-4AC7-9648-5A12A91349C9}.DebugAll|Any CPU.Build.0 = Debug|Any CPU
		{1D1E7DDA-7A47-4AC7-9648-5A12A91349C9}.DebugAll|Mixed Platforms.ActiveCfg = Debug|Any CPU
		{1D1E7DDA-7A47-4AC7-9648-5A12A91349C9}.DebugAll|Mixed Platforms.Build.0 = Debug|Any CPU
		{1D1E7DDA-7A47-4AC7-9648-5A12A91349C9}.DebugAll|Win32.ActiveCfg = Debug|Any CPU
		{1D1E7DDA-7A47-4AC7-9648-5A12A91349C9}.DebugAll|Win32.Build.0 = Debug|Any CPU
		{1D1E7DDA-7A47-4AC7-9648-5A12A91349C9}.DebugAll|ARM.ActiveCfg = Debug|Any CPU
		{1D1E7DDA-7A47-4AC7-9648-5A12A91349C9}.DebugAll|ARM.Build.0 = Debug|Any CPU
		{1D1E7DDA-7A47-4AC7-9648-5A12A91349C9}.DebugAll|x64.ActiveCfg = Debug|Any CPU
		{1D1E7DDA-7A47-4AC7-9648-5A12A91349C9}.DebugAll|x64.Build.0 = Debug|Any CPU
		{1D1E7DDA-7A47-4AC7-9648-5A12A91349C9}.DebugDll|Any CPU.ActiveCfg = Debug|Any CPU
		{1D1E7DDA-7A47-4AC7-9648-5A12A91349C9}.DebugDll|Mixed Platforms.ActiveCfg = Debug|Any CPU
		{1D1E7DDA-7A47-4AC7-9648-5A12A91349C9}.DebugDll|Win32.ActiveCfg = Debug|Any CPU
		{1D1E7DDA-7A47-4AC7-9648-5A12A91349C9}.DebugDll|ARM.ActiveCfg = Debug|Any CPU
		{1D1E7DDA-7A47-4AC7-9648-5A12A91349C9}.DebugDll|x64.ActiveCfg = Debug|Any CPU
		{1D1E7DDA-7A47-4AC7-9648-5A12A91349C9}.Release|Any CPU.ActiveCfg = Release|Any CPU
		{1D1E7DDA-7A47-4AC7-9648-5A12A91349C9}.Release|Any CPU.Build.0 = Release|Any CPU
		{1D1E7DDA-7A47-4AC7-9648-5A12A91349C9}.Release|Mixed Platforms.ActiveCfg = Release|Any CPU
		{1D1E7DDA-7A47-4AC7-9648-5A12A91349C9}.Release|Mixed Platforms.Build.0 = Release|Any CPU
		{1D1E7DDA-7A47-4AC7-9648-5A12A91349C9}.Release|Win32.ActiveCfg = Release|Any CPU
		{1D1E7DDA-7A47-4AC7-9648-5A12A91349C9}.Release|Win32.Build.0 = Release|Any CPU
		{1D1E7DDA-7A47-4AC7-9648-5A12A91349C9}.Release|ARM.ActiveCfg = Release|Any CPU
		{1D1E7DDA-7A47-4AC7-9648-5A12A91349C9}.Release|ARM.Build.0 = Release|Any CPU
		{1D1E7DDA-7A47-4AC7-9648-5A12A91349C9}.Release|x64.ActiveCfg = Release|Any CPU
		{1D1E7DDA-7A47-4AC7-9648-5A12A91349C9}.Release|x64.Build.0 = Release|Any CPU
		{1D1E7DDA-7A47-4AC7-9648-5A12A91349C9}.ReleaseAll|Any CPU.ActiveCfg = Release|Any CPU
		{1D1E7DDA-7A47-4AC7-9648-5A12A91349C9}.ReleaseAll|Any CPU.Build.0 = Release|Any CPU
		{1D1E7DDA-7A47-4AC7-9648-5A12A91349C9}.ReleaseAll|Mixed Platforms.ActiveCfg = Release|Any CPU
		{1D1E7DDA-7A47-4AC7-9648-5A12A91349C9}.ReleaseAll|Mixed Platforms.Build.0 = Release|Any CPU
		{1D1E7DDA-7A47-4AC7-9648-5A12A91349C9}.ReleaseAll|Win32.ActiveCfg = Release|Any CPU
		{1D1E7DDA-7A47-4AC7-9648-5A12A91349C9}.ReleaseAll|Win32.Build.0 = Release|Any CPU
		{1D1E7DDA-7A47-4AC7-9648-5A12A91349C9}.ReleaseAll|ARM.ActiveCfg = Release|Any CPU
		{1D1E7DDA-7A47-4AC7-9648-5A12A91349C9}.ReleaseAll|ARM.Build.0 = Release|Any CPU
		{1D1E7DDA-7A47-4AC7-9648-5A12A91349C9}.ReleaseAll|x64.ActiveCfg = Release|Any CPU
		{1D1E7DDA-7A47-4AC7-9648-5A12A91349C9}.ReleaseAll|x64.Build.0 = Release|Any CPU
		{1D1E7DDA-7A47-4AC7-9648-5A12A91349C9}.ReleaseDll|Any CPU.ActiveCfg = Release|Any CPU
		{1D1E7DDA-7A47-4AC7-9648-5A12A91349C9}.ReleaseDll|Mixed Platforms.ActiveCfg = Release|Any CPU
		{1D1E7DDA-7A47-4AC7-9648-5A12A91349C9}.ReleaseDll|Win32.ActiveCfg = Release|Any CPU
		{1D1E7DDA-7A47-4AC7-9648-5A12A91349C9}.ReleaseDll|ARM.ActiveCfg = Release|Any CPU
		{1D1E7DDA-7A47-4AC7-9648-5A12A91349C9}.ReleaseDll|x64.ActiveCfg = Release|Any CPU
		{E0CA3F9E-C872-4549-B70A-0933209687DF}.Debug|Any CPU.ActiveCfg = Debug|Any CPU
		{E0CA3F9E-C872-4549-B70A-0933209687DF}.Debug|Any CPU.Build.0 = Debug|Any CPU
		{E0CA3F9E-C872-4549-B70A-0933209687DF}.Debug|Mixed Platforms.ActiveCfg = Debug|Any CPU
		{E0CA3F9E-C872-4549-B70A-0933209687DF}.Debug|Mixed Platforms.Build.0 = Debug|Any CPU
		{E0CA3F9E-C872-4549-B70A-0933209687DF}.Debug|Win32.ActiveCfg = Debug|Any CPU
		{E0CA3F9E-C872-4549-B70A-0933209687DF}.Debug|Win32.Build.0 = Debug|Any CPU
		{E0CA3F9E-C872-4549-B70A-0933209687DF}.Debug|ARM.ActiveCfg = Debug|Any CPU
		{E0CA3F9E-C872-4549-B70A-0933209687DF}.Debug|ARM.Build.0 = Debug|Any CPU
		{E0CA3F9E-C872-4549-B70A-0933209687DF}.Debug|x64.ActiveCfg = Debug|Any CPU
		{E0CA3F9E-C872-4549-B70A-0933209687DF}.Debug|x64.Build.0 = Debug|Any CPU
		{E0CA3F9E-C872-4549-B70A-0933209687DF}.DebugAll|Any CPU.ActiveCfg = Debug|Any CPU
		{E0CA3F9E-C872-4549-B70A-0933209687DF}.DebugAll|Any CPU.Build.0 = Debug|Any CPU
		{E0CA3F9E-C872-4549-B70A-0933209687DF}.DebugAll|Mixed Platforms.ActiveCfg = Debug|Any CPU
		{E0CA3F9E-C872-4549-B70A-0933209687DF}.DebugAll|Mixed Platforms.Build.0 = Debug|Any CPU
		{E0CA3F9E-C872-4549-B70A-0933209687DF}.DebugAll|Win32.ActiveCfg = Debug|Any CPU
		{E0CA3F9E-C872-4549-B70A-0933209687DF}.DebugAll|Win32.Build.0 = Debug|Any CPU
		{E0CA3F9E-C872-4549-B70A-0933209687DF}.DebugAll|ARM.ActiveCfg = Debug|Any CPU
		{E0CA3F9E-C872-4549-B70A-0933209687DF}.DebugAll|ARM.Build.0 = Debug|Any CPU
		{E0CA3F9E-C872-4549-B70A-0933209687DF}.DebugAll|x64.ActiveCfg = Debug|Any CPU
		{E0CA3F9E-C872-4549-B70A-0933209687DF}.DebugAll|x64.Build.0 = Debug|Any CPU
		{E0CA3F9E-C872-4549-B70A-0933209687DF}.DebugDll|Any CPU.ActiveCfg = Debug|Any CPU
		{E0CA3F9E-C872-4549-B70A-0933209687DF}.DebugDll|Mixed Platforms.ActiveCfg = Debug|Any CPU
		{E0CA3F9E-C872-4549-B70A-0933209687DF}.DebugDll|Win32.ActiveCfg = Debug|Any CPU
		{E0CA3F9E-C872-4549-B70A-0933209687DF}.DebugDll|ARM.ActiveCfg = Debug|Any CPU
		{E0CA3F9E-C872-4549-B70A-0933209687DF}.DebugDll|x64.ActiveCfg = Debug|Any CPU
		{E0CA3F9E-C872-4549-B70A-0933209687DF}.Release|Any CPU.ActiveCfg = Release|Any CPU
		{E0CA3F9E-C872-4549-B70A-0933209687DF}.Release|Any CPU.Build.0 = Release|Any CPU
		{E0CA3F9E-C872-4549-B70A-0933209687DF}.Release|Mixed Platforms.ActiveCfg = Release|Any CPU
		{E0CA3F9E-C872-4549-B70A-0933209687DF}.Release|Mixed Platforms.Build.0 = Release|Any CPU
		{E0CA3F9E-C872-4549-B70A-0933209687DF}.Release|Win32.ActiveCfg = Release|Any CPU
		{E0CA3F9E-C872-4549-B70A-0933209687DF}.Release|Win32.Build.0 = Release|Any CPU
		{E0CA3F9E-C872-4549-B70A-0933209687DF}.Release|ARM.ActiveCfg = Release|Any CPU
		{E0CA3F9E-C872-4549-B70A-0933209687DF}.Release|ARM.Build.0 = Release|Any CPU
		{E0CA3F9E-C872-4549-B70A-0933209687DF}.Release|x64.ActiveCfg = Release|Any CPU
		{E0CA3F9E-C872-4549-B70A-0933209687DF}.Release|x64.Build.0 = Release|Any CPU
		{E0CA3F9E-C872-4549-B70A-0933209687DF}.ReleaseAll|Any CPU.ActiveCfg = Release|Any CPU
		{E0CA3F9E-C872-4549-B70A-0933209687DF}.ReleaseAll|Any CPU.Build.0 = Release|Any CPU
		{E0CA3F9E-C872-4549-B70A-0933209687DF}.ReleaseAll|Mixed Platforms.ActiveCfg = Release|Any CPU
		{E0CA3F9E-C872-4549-B70A-0933209687DF}.ReleaseAll|Mixed Platforms.Build.0 = Release|Any CPU
		{E0CA3F9E-C872-4549-B70A-0933209687DF}.ReleaseAll|Win32.ActiveCfg = Release|Any CPU
		{E0CA3F9E-C872-4549-B70A-0933209687DF}.ReleaseAll|Win32.Build.0 = Release|Any CPU
		{E0CA3F9E-C872-4549-B70A-0933209687DF}.ReleaseAll|ARM.ActiveCfg = Release|Any CPU
		{E0CA3F9E-C872-4549-B70A-0933209687DF}.ReleaseAll|ARM.Build.0 = Release|Any CPU
		{E0CA3F9E-C872-4549-B70A-0933209687DF}.ReleaseAll|x64.ActiveCfg = Release|Any CPU
		{E0CA3F9E-C872-4549-B70A-0933209687DF}.ReleaseAll|x64.Build.0 = Release|Any CPU
		{E0CA3F9E-C872-4549-B70A-0933209687DF}.ReleaseDll|Any CPU.ActiveCfg = Release|Any CPU
		{E0CA3F9E-C872-4549-B70A-0933209687DF}.ReleaseDll|Mixed Platforms.ActiveCfg = Release|Any CPU
		{E0CA3F9E-C872-4549-B70A-0933209687DF}.ReleaseDll|Win32.ActiveCfg = Release|Any CPU
		{E0CA3F9E-C872-4549-B70A-0933209687DF}.ReleaseDll|ARM.ActiveCfg = Release|Any CPU
		{E0CA3F9E-C872-4549-B70A-0933209687DF}.ReleaseDll|x64.ActiveCfg = Release|Any CPU
		{FA589B06-D939-4258-ACAC-4583E9F64F6D}.Debug|Any CPU.ActiveCfg = DebugDll|Win32
		{FA589B06-D939-4258-ACAC-4583E9F64F6D}.Debug|Mixed Platforms.ActiveCfg = DebugDll|Win32
		{FA589B06-D939-4258-ACAC-4583E9F64F6D}.Debug|Win32.ActiveCfg = DebugDll|Win32
		{FA589B06-D939-4258-ACAC-4583E9F64F6D}.Debug|ARM.ActiveCfg = DebugDll|ARM
		{FA589B06-D939-4258-ACAC-4583E9F64F6D}.Debug|x64.ActiveCfg = DebugDll|x64
		{FA589B06-D939-4258-ACAC-4583E9F64F6D}.DebugAll|Any CPU.ActiveCfg = DebugDll|Win32
		{FA589B06-D939-4258-ACAC-4583E9F64F6D}.DebugAll|Any CPU.Build.0 = DebugDll|Win32
		{FA589B06-D939-4258-ACAC-4583E9F64F6D}.DebugAll|Mixed Platforms.ActiveCfg = DebugDll|Win32
		{FA589B06-D939-4258-ACAC-4583E9F64F6D}.DebugAll|Mixed Platforms.Build.0 = DebugDll|Win32
		{FA589B06-D939-4258-ACAC-4583E9F64F6D}.DebugAll|Win32.ActiveCfg = DebugDll|Win32
		{FA589B06-D939-4258-ACAC-4583E9F64F6D}.DebugAll|Win32.Build.0 = DebugDll|Win32
		{FA589B06-D939-4258-ACAC-4583E9F64F6D}.DebugAll|ARM.ActiveCfg = DebugDll|ARM
		{FA589B06-D939-4258-ACAC-4583E9F64F6D}.DebugAll|ARM.Build.0 = DebugDll|ARM
		{FA589B06-D939-4258-ACAC-4583E9F64F6D}.DebugAll|x64.ActiveCfg = DebugDll|x64
		{FA589B06-D939-4258-ACAC-4583E9F64F6D}.DebugAll|x64.Build.0 = DebugDll|x64
		{FA589B06-D939-4258-ACAC-4583E9F64F6D}.DebugDll|Any CPU.ActiveCfg = DebugDll|Win32
		{FA589B06-D939-4258-ACAC-4583E9F64F6D}.DebugDll|Any CPU.Build.0 = DebugDll|Win32
		{FA589B06-D939-4258-ACAC-4583E9F64F6D}.DebugDll|Mixed Platforms.ActiveCfg = DebugDll|Win32
		{FA589B06-D939-4258-ACAC-4583E9F64F6D}.DebugDll|Mixed Platforms.Build.0 = DebugDll|Win32
		{FA589B06-D939-4258-ACAC-4583E9F64F6D}.DebugDll|Win32.ActiveCfg = DebugDll|Win32
		{FA589B06-D939-4258-ACAC-4583E9F64F6D}.DebugDll|Win32.Build.0 = DebugDll|Win32
		{FA589B06-D939-4258-ACAC-4583E9F64F6D}.DebugDll|ARM.ActiveCfg = DebugDll|ARM
		{FA589B06-D939-4258-ACAC-4583E9F64F6D}.DebugDll|ARM.Build.0 = DebugDll|ARM
		{FA589B06-D939-4258-ACAC-4583E9F64F6D}.DebugDll|x64.ActiveCfg = DebugDll|x64
		{FA589B06-D939-4258-ACAC-4583E9F64F6D}.DebugDll|x64.Build.0 = DebugDll|x64
		{FA589B06-D939-4258-ACAC-4583E9F64F6D}.Release|Any CPU.ActiveCfg = ReleaseDll|Win32
		{FA589B06-D939-4258-ACAC-4583E9F64F6D}.Release|Mixed Platforms.ActiveCfg = ReleaseDll|Win32
		{FA589B06-D939-4258-ACAC-4583E9F64F6D}.Release|Win32.ActiveCfg = ReleaseDll|Win32
		{FA589B06-D939-4258-ACAC-4583E9F64F6D}.Release|ARM.ActiveCfg = ReleaseDll|ARM
		{FA589B06-D939-4258-ACAC-4583E9F64F6D}.Release|x64.ActiveCfg = ReleaseDll|x64
		{FA589B06-D939-4258-ACAC-4583E9F64F6D}.ReleaseAll|Any CPU.ActiveCfg = ReleaseDll|Win32
		{FA589B06-D939-4258-ACAC-4583E9F64F6D}.ReleaseAll|Any CPU.Build.0 = ReleaseDll|Win32
		{FA589B06-D939-4258-ACAC-4583E9F64F6D}.ReleaseAll|Mixed Platforms.ActiveCfg = ReleaseDll|Win32
		{FA589B06-D939-4258-ACAC-4583E9F64F6D}.ReleaseAll|Mixed Platforms.Build.0 = ReleaseDll|Win32
		{FA589B06-D939-4258-ACAC-4583E9F64F6D}.ReleaseAll|Win32.ActiveCfg = ReleaseDll|Win32
		{FA589B06-D939-4258-ACAC-4583E9F64F6D}.ReleaseAll|Win32.Build.0 = ReleaseDll|Win32
		{FA589B06-D939-4258-ACAC-4583E9F64F6D}.ReleaseAll|ARM.ActiveCfg = ReleaseDll|ARM
		{FA589B06-D939-4258-ACAC-4583E9F64F6D}.ReleaseAll|ARM.Build.0 = ReleaseDll|ARM
		{FA589B06-D939-4258-ACAC-4583E9F64F6D}.ReleaseAll|x64.ActiveCfg = ReleaseDll|x64
		{FA589B06-D939-4258-ACAC-4583E9F64F6D}.ReleaseAll|x64.Build.0 = ReleaseDll|x64
		{FA589B06-D939-4258-ACAC-4583E9F64F6D}.ReleaseDll|Any CPU.ActiveCfg = ReleaseDll|Win32
		{FA589B06-D939-4258-ACAC-4583E9F64F6D}.ReleaseDll|Any CPU.Build.0 = ReleaseDll|Win32
		{FA589B06-D939-4258-ACAC-4583E9F64F6D}.ReleaseDll|Mixed Platforms.ActiveCfg = ReleaseDll|Win32
		{FA589B06-D939-4258-ACAC-4583E9F64F6D}.ReleaseDll|Mixed Platforms.Build.0 = ReleaseDll|Win32
		{FA589B06-D939-4258-ACAC-4583E9F64F6D}.ReleaseDll|Win32.ActiveCfg = ReleaseDll|Win32
		{FA589B06-D939-4258-ACAC-4583E9F64F6D}.ReleaseDll|Win32.Build.0 = ReleaseDll|Win32
		{FA589B06-D939-4258-ACAC-4583E9F64F6D}.ReleaseDll|ARM.ActiveCfg = ReleaseDll|ARM
		{FA589B06-D939-4258-ACAC-4583E9F64F6D}.ReleaseDll|ARM.Build.0 = ReleaseDll|ARM
		{FA589B06-D939-4258-ACAC-4583E9F64F6D}.ReleaseDll|x64.ActiveCfg = ReleaseDll|x64
		{FA589B06-D939-4258-ACAC-4583E9F64F6D}.ReleaseDll|x64.Build.0 = ReleaseDll|x64
		{8ACC4C8C-51EB-4764-BA33-597DCB74DC08}.Debug|Any CPU.ActiveCfg = DebugDll|Win32
		{8ACC4C8C-51EB-4764-BA33-597DCB74DC08}.Debug|Mixed Platforms.ActiveCfg = DebugDll|Win32
		{8ACC4C8C-51EB-4764-BA33-597DCB74DC08}.Debug|Win32.ActiveCfg = DebugDll|Win32
		{8ACC4C8C-51EB-4764-BA33-597DCB74DC08}.Debug|ARM.ActiveCfg = DebugDll|ARM
		{8ACC4C8C-51EB-4764-BA33-597DCB74DC08}.Debug|x64.ActiveCfg = DebugDll|x64
		{8ACC4C8C-51EB-4764-BA33-597DCB74DC08}.DebugAll|Any CPU.ActiveCfg = DebugDll|Win32
		{8ACC4C8C-51EB-4764-BA33-597DCB74DC08}.DebugAll|Any CPU.Build.0 = DebugDll|Win32
		{8ACC4C8C-51EB-4764-BA33-597DCB74DC08}.DebugAll|Mixed Platforms.ActiveCfg = DebugDll|Win32
		{8ACC4C8C-51EB-4764-BA33-597DCB74DC08}.DebugAll|Mixed Platforms.Build.0 = DebugDll|Win32
		{8ACC4C8C-51EB-4764-BA33-597DCB74DC08}.DebugAll|Win32.ActiveCfg = DebugDll|Win32
		{8ACC4C8C-51EB-4764-BA33-597DCB74DC08}.DebugAll|Win32.Build.0 = DebugDll|Win32
		{8ACC4C8C-51EB-4764-BA33-597DCB74DC08}.DebugAll|ARM.ActiveCfg = DebugDll|ARM
		{8ACC4C8C-51EB-4764-BA33-597DCB74DC08}.DebugAll|ARM.Build.0 = DebugDll|ARM
		{8ACC4C8C-51EB-4764-BA33-597DCB74DC08}.DebugAll|x64.ActiveCfg = DebugDll|x64
		{8ACC4C8C-51EB-4764-BA33-597DCB74DC08}.DebugAll|x64.Build.0 = DebugDll|x64
		{8ACC4C8C-51EB-4764-BA33-597DCB74DC08}.DebugDll|Any CPU.ActiveCfg = DebugDll|Win32
		{8ACC4C8C-51EB-4764-BA33-597DCB74DC08}.DebugDll|Any CPU.Build.0 = DebugDll|Win32
		{8ACC4C8C-51EB-4764-BA33-597DCB74DC08}.DebugDll|Mixed Platforms.ActiveCfg = DebugDll|Win32
		{8ACC4C8C-51EB-4764-BA33-597DCB74DC08}.DebugDll|Mixed Platforms.Build.0 = DebugDll|Win32
		{8ACC4C8C-51EB-4764-BA33-597DCB74DC08}.DebugDll|Win32.ActiveCfg = DebugDll|Win32
		{8ACC4C8C-51EB-4764-BA33-597DCB74DC08}.DebugDll|Win32.Build.0 = DebugDll|Win32
		{8ACC4C8C-51EB-4764-BA33-597DCB74DC08}.DebugDll|ARM.ActiveCfg = DebugDll|ARM
		{8ACC4C8C-51EB-4764-BA33-597DCB74DC08}.DebugDll|ARM.Build.0 = DebugDll|ARM
		{8ACC4C8C-51EB-4764-BA33-597DCB74DC08}.DebugDll|x64.ActiveCfg = DebugDll|x64
		{8ACC4C8C-51EB-4764-BA33-597DCB74DC08}.DebugDll|x64.Build.0 = DebugDll|x64
		{8ACC4C8C-51EB-4764-BA33-597DCB74DC08}.Release|Any CPU.ActiveCfg = ReleaseDll|Win32
		{8ACC4C8C-51EB-4764-BA33-597DCB74DC08}.Release|Mixed Platforms.ActiveCfg = ReleaseDll|Win32
		{8ACC4C8C-51EB-4764-BA33-597DCB74DC08}.Release|Win32.ActiveCfg = ReleaseDll|Win32
		{8ACC4C8C-51EB-4764-BA33-597DCB74DC08}.Release|ARM.ActiveCfg = ReleaseDll|ARM
		{8ACC4C8C-51EB-4764-BA33-597DCB74DC08}.Release|x64.ActiveCfg = ReleaseDll|x64
		{8ACC4C8C-51EB-4764-BA33-597DCB74DC08}.ReleaseAll|Any CPU.ActiveCfg = ReleaseDll|Win32
		{8ACC4C8C-51EB-4764-BA33-597DCB74DC08}.ReleaseAll|Any CPU.Build.0 = ReleaseDll|Win32
		{8ACC4C8C-51EB-4764-BA33-597DCB74DC08}.ReleaseAll|Mixed Platforms.ActiveCfg = ReleaseDll|Win32
		{8ACC4C8C-51EB-4764-BA33-597DCB74DC08}.ReleaseAll|Mixed Platforms.Build.0 = ReleaseDll|Win32
		{8ACC4C8C-51EB-4764-BA33-597DCB74DC08}.ReleaseAll|Win32.ActiveCfg = ReleaseDll|Win32
		{8ACC4C8C-51EB-4764-BA33-597DCB74DC08}.ReleaseAll|Win32.Build.0 = ReleaseDll|Win32
		{8ACC4C8C-51EB-4764-BA33-597DCB74DC08}.ReleaseAll|ARM.ActiveCfg = ReleaseDll|ARM
		{8ACC4C8C-51EB-4764-BA33-597DCB74DC08}.ReleaseAll|ARM.Build.0 = ReleaseDll|ARM
		{8ACC4C8C-51EB-4764-BA33-597DCB74DC08}.ReleaseAll|x64.ActiveCfg = ReleaseDll|x64
		{8ACC4C8C-51EB-4764-BA33-597DCB74DC08}.ReleaseAll|x64.Build.0 = ReleaseDll|x64
		{8ACC4C8C-51EB-4764-BA33-597DCB74DC08}.ReleaseDll|Any CPU.ActiveCfg = ReleaseDll|Win32
		{8ACC4C8C-51EB-4764-BA33-597DCB74DC08}.ReleaseDll|Any CPU.Build.0 = ReleaseDll|Win32
		{8ACC4C8C-51EB-4764-BA33-597DCB74DC08}.ReleaseDll|Mixed Platforms.ActiveCfg = ReleaseDll|Win32
		{8ACC4C8C-51EB-4764-BA33-597DCB74DC08}.ReleaseDll|Mixed Platforms.Build.0 = ReleaseDll|Win32
		{8ACC4C8C-51EB-4764-BA33-597DCB74DC08}.ReleaseDll|Win32.ActiveCfg = ReleaseDll|Win32
		{8ACC4C8C-51EB-4764-BA33-597DCB74DC08}.ReleaseDll|Win32.Build.0 = ReleaseDll|Win32
		{8ACC4C8C-51EB-4764-BA33-597DCB74DC08}.ReleaseDll|ARM.ActiveCfg = ReleaseDll|ARM
		{8ACC4C8C-51EB-4764-BA33-597DCB74DC08}.ReleaseDll|ARM.Build.0 = ReleaseDll|ARM
		{8ACC4C8C-51EB-4764-BA33-597DCB74DC08}.ReleaseDll|x64.ActiveCfg = ReleaseDll|x64
		{8ACC4C8C-51EB-4764-BA33-597DCB74DC08}.ReleaseDll|x64.Build.0 = ReleaseDll|x64
		{2DFC90BA-FB7C-48F8-AC25-98934540C0F0}.Debug|Any CPU.ActiveCfg = Debug|Any CPU
		{2DFC90BA-FB7C-48F8-AC25-98934540C0F0}.Debug|Any CPU.Build.0 = Debug|Any CPU
		{2DFC90BA-FB7C-48F8-AC25-98934540C0F0}.Debug|Mixed Platforms.ActiveCfg = Debug|Any CPU
		{2DFC90BA-FB7C-48F8-AC25-98934540C0F0}.Debug|Mixed Platforms.Build.0 = Debug|Any CPU
		{2DFC90BA-FB7C-48F8-AC25-98934540C0F0}.Debug|Win32.ActiveCfg = Debug|Any CPU
		{2DFC90BA-FB7C-48F8-AC25-98934540C0F0}.Debug|Win32.Build.0 = Debug|Any CPU
		{2DFC90BA-FB7C-48F8-AC25-98934540C0F0}.Debug|ARM.ActiveCfg = Debug|Any CPU
		{2DFC90BA-FB7C-48F8-AC25-98934540C0F0}.Debug|ARM.Build.0 = Debug|Any CPU
		{2DFC90BA-FB7C-48F8-AC25-98934540C0F0}.Debug|x64.ActiveCfg = Debug|Any CPU
		{2DFC90BA-FB7C-48F8-AC25-98934540C0F0}.Debug|x64.Build.0 = Debug|Any CPU
		{2DFC90BA-FB7C-48F8-AC25-98934540C0F0}.DebugAll|Any CPU.ActiveCfg = Debug|Any CPU
		{2DFC90BA-FB7C-48F8-AC25-98934540C0F0}.DebugAll|Any CPU.Build.0 = Debug|Any CPU
		{2DFC90BA-FB7C-48F8-AC25-98934540C0F0}.DebugAll|Mixed Platforms.ActiveCfg = Debug|Any CPU
		{2DFC90BA-FB7C-48F8-AC25-98934540C0F0}.DebugAll|Mixed Platforms.Build.0 = Debug|Any CPU
		{2DFC90BA-FB7C-48F8-AC25-98934540C0F0}.DebugAll|Win32.ActiveCfg = Debug|Any CPU
		{2DFC90BA-FB7C-48F8-AC25-98934540C0F0}.DebugAll|Win32.Build.0 = Debug|Any CPU
		{2DFC90BA-FB7C-48F8-AC25-98934540C0F0}.DebugAll|ARM.ActiveCfg = Debug|Any CPU
		{2DFC90BA-FB7C-48F8-AC25-98934540C0F0}.DebugAll|ARM.Build.0 = Debug|Any CPU
		{2DFC90BA-FB7C-48F8-AC25-98934540C0F0}.DebugAll|x64.ActiveCfg = Debug|Any CPU
		{2DFC90BA-FB7C-48F8-AC25-98934540C0F0}.DebugAll|x64.Build.0 = Debug|Any CPU
		{2DFC90BA-FB7C-48F8-AC25-98934540C0F0}.DebugDll|Any CPU.ActiveCfg = Debug|Any CPU
		{2DFC90BA-FB7C-48F8-AC25-98934540C0F0}.DebugDll|Mixed Platforms.ActiveCfg = Debug|Any CPU
		{2DFC90BA-FB7C-48F8-AC25-98934540C0F0}.DebugDll|Win32.ActiveCfg = Debug|Any CPU
		{2DFC90BA-FB7C-48F8-AC25-98934540C0F0}.DebugDll|ARM.ActiveCfg = Debug|Any CPU
		{2DFC90BA-FB7C-48F8-AC25-98934540C0F0}.DebugDll|x64.ActiveCfg = Debug|Any CPU
		{2DFC90BA-FB7C-48F8-AC25-98934540C0F0}.Release|Any CPU.ActiveCfg = Release|Any CPU
		{2DFC90BA-FB7C-48F8-AC25-98934540C0F0}.Release|Any CPU.Build.0 = Release|Any CPU
		{2DFC90BA-FB7C-48F8-AC25-98934540C0F0}.Release|Mixed Platforms.ActiveCfg = Release|Any CPU
		{2DFC90BA-FB7C-48F8-AC25-98934540C0F0}.Release|Mixed Platforms.Build.0 = Release|Any CPU
		{2DFC90BA-FB7C-48F8-AC25-98934540C0F0}.Release|Win32.ActiveCfg = Release|Any CPU
		{2DFC90BA-FB7C-48F8-AC25-98934540C0F0}.Release|Win32.Build.0 = Release|Any CPU
		{2DFC90BA-FB7C-48F8-AC25-98934540C0F0}.Release|ARM.ActiveCfg = Release|Any CPU
		{2DFC90BA-FB7C-48F8-AC25-98934540C0F0}.Release|ARM.Build.0 = Release|Any CPU
		{2DFC90BA-FB7C-48F8-AC25-98934540C0F0}.Release|x64.ActiveCfg = Release|Any CPU
		{2DFC90BA-FB7C-48F8-AC25-98934540C0F0}.Release|x64.Build.0 = Release|Any CPU
		{2DFC90BA-FB7C-48F8-AC25-98934540C0F0}.ReleaseAll|Any CPU.ActiveCfg = Release|Any CPU
		{2DFC90BA-FB7C-48F8-AC25-98934540C0F0}.ReleaseAll|Any CPU.Build.0 = Release|Any CPU
		{2DFC90BA-FB7C-48F8-AC25-98934540C0F0}.ReleaseAll|Mixed Platforms.ActiveCfg = Release|Any CPU
		{2DFC90BA-FB7C-48F8-AC25-98934540C0F0}.ReleaseAll|Mixed Platforms.Build.0 = Release|Any CPU
		{2DFC90BA-FB7C-48F8-AC25-98934540C0F0}.ReleaseAll|Win32.ActiveCfg = Release|Any CPU
		{2DFC90BA-FB7C-48F8-AC25-98934540C0F0}.ReleaseAll|Win32.Build.0 = Release|Any CPU
		{2DFC90BA-FB7C-48F8-AC25-98934540C0F0}.ReleaseAll|ARM.ActiveCfg = Release|Any CPU
		{2DFC90BA-FB7C-48F8-AC25-98934540C0F0}.ReleaseAll|ARM.Build.0 = Release|Any CPU
		{2DFC90BA-FB7C-48F8-AC25-98934540C0F0}.ReleaseAll|x64.ActiveCfg = Release|Any CPU
		{2DFC90BA-FB7C-48F8-AC25-98934540C0F0}.ReleaseAll|x64.Build.0 = Release|Any CPU
		{2DFC90BA-FB7C-48F8-AC25-98934540C0F0}.ReleaseDll|Any CPU.ActiveCfg = Release|Any CPU
		{2DFC90BA-FB7C-48F8-AC25-98934540C0F0}.ReleaseDll|Mixed Platforms.ActiveCfg = Release|Any CPU
		{2DFC90BA-FB7C-48F8-AC25-98934540C0F0}.ReleaseDll|Win32.ActiveCfg = Release|Any CPU
		{2DFC90BA-FB7C-48F8-AC25-98934540C0F0}.ReleaseDll|ARM.ActiveCfg = Release|Any CPU
		{2DFC90BA-FB7C-48F8-AC25-98934540C0F0}.ReleaseDll|x64.ActiveCfg = Release|Any CPU
		{BA898EE3-CF6C-4981-966A-0A72DED4BDF9}.Debug|Any CPU.ActiveCfg = Debug|Any CPU
		{BA898EE3-CF6C-4981-966A-0A72DED4BDF9}.Debug|Any CPU.Build.0 = Debug|Any CPU
		{BA898EE3-CF6C-4981-966A-0A72DED4BDF9}.Debug|Mixed Platforms.ActiveCfg = Debug|Any CPU
		{BA898EE3-CF6C-4981-966A-0A72DED4BDF9}.Debug|Mixed Platforms.Build.0 = Debug|Any CPU
		{BA898EE3-CF6C-4981-966A-0A72DED4BDF9}.Debug|Win32.ActiveCfg = Debug|Any CPU
		{BA898EE3-CF6C-4981-966A-0A72DED4BDF9}.Debug|Win32.Build.0 = Debug|Any CPU
		{BA898EE3-CF6C-4981-966A-0A72DED4BDF9}.Debug|ARM.ActiveCfg = Debug|Any CPU
		{BA898EE3-CF6C-4981-966A-0A72DED4BDF9}.Debug|ARM.Build.0 = Debug|Any CPU
		{BA898EE3-CF6C-4981-966A-0A72DED4BDF9}.Debug|x64.ActiveCfg = Debug|Any CPU
		{BA898EE3-CF6C-4981-966A-0A72DED4BDF9}.Debug|x64.Build.0 = Debug|Any CPU
		{BA898EE3-CF6C-4981-966A-0A72DED4BDF9}.DebugAll|Any CPU.ActiveCfg = Debug|Any CPU
		{BA898EE3-CF6C-4981-966A-0A72DED4BDF9}.DebugAll|Any CPU.Build.0 = Debug|Any CPU
		{BA898EE3-CF6C-4981-966A-0A72DED4BDF9}.DebugAll|Mixed Platforms.ActiveCfg = Debug|Any CPU
		{BA898EE3-CF6C-4981-966A-0A72DED4BDF9}.DebugAll|Mixed Platforms.Build.0 = Debug|Any CPU
		{BA898EE3-CF6C-4981-966A-0A72DED4BDF9}.DebugAll|Win32.ActiveCfg = Debug|Any CPU
		{BA898EE3-CF6C-4981-966A-0A72DED4BDF9}.DebugAll|Win32.Build.0 = Debug|Any CPU
		{BA898EE3-CF6C-4981-966A-0A72DED4BDF9}.DebugAll|ARM.ActiveCfg = Debug|Any CPU
		{BA898EE3-CF6C-4981-966A-0A72DED4BDF9}.DebugAll|ARM.Build.0 = Debug|Any CPU
		{BA898EE3-CF6C-4981-966A-0A72DED4BDF9}.DebugAll|x64.ActiveCfg = Debug|Any CPU
		{BA898EE3-CF6C-4981-966A-0A72DED4BDF9}.DebugAll|x64.Build.0 = Debug|Any CPU
		{BA898EE3-CF6C-4981-966A-0A72DED4BDF9}.DebugDll|Any CPU.ActiveCfg = Debug|Any CPU
		{BA898EE3-CF6C-4981-966A-0A72DED4BDF9}.DebugDll|Mixed Platforms.ActiveCfg = Debug|Any CPU
		{BA898EE3-CF6C-4981-966A-0A72DED4BDF9}.DebugDll|Win32.ActiveCfg = Debug|Any CPU
		{BA898EE3-CF6C-4981-966A-0A72DED4BDF9}.DebugDll|ARM.ActiveCfg = Debug|Any CPU
		{BA898EE3-CF6C-4981-966A-0A72DED4BDF9}.DebugDll|x64.ActiveCfg = Debug|Any CPU
		{BA898EE3-CF6C-4981-966A-0A72DED4BDF9}.Release|Any CPU.ActiveCfg = Release|Any CPU
		{BA898EE3-CF6C-4981-966A-0A72DED4BDF9}.Release|Any CPU.Build.0 = Release|Any CPU
		{BA898EE3-CF6C-4981-966A-0A72DED4BDF9}.Release|Mixed Platforms.ActiveCfg = Release|Any CPU
		{BA898EE3-CF6C-4981-966A-0A72DED4BDF9}.Release|Mixed Platforms.Build.0 = Release|Any CPU
		{BA898EE3-CF6C-4981-966A-0A72DED4BDF9}.Release|Win32.ActiveCfg = Release|Any CPU
		{BA898EE3-CF6C-4981-966A-0A72DED4BDF9}.Release|Win32.Build.0 = Release|Any CPU
		{BA898EE3-CF6C-4981-966A-0A72DED4BDF9}.Release|ARM.ActiveCfg = Release|Any CPU
		{BA898EE3-CF6C-4981-966A-0A72DED4BDF9}.Release|ARM.Build.0 = Release|Any CPU
		{BA898EE3-CF6C-4981-966A-0A72DED4BDF9}.Release|x64.ActiveCfg = Release|Any CPU
		{BA898EE3-CF6C-4981-966A-0A72DED4BDF9}.Release|x64.Build.0 = Release|Any CPU
		{BA898EE3-CF6C-4981-966A-0A72DED4BDF9}.ReleaseAll|Any CPU.ActiveCfg = Release|Any CPU
		{BA898EE3-CF6C-4981-966A-0A72DED4BDF9}.ReleaseAll|Any CPU.Build.0 = Release|Any CPU
		{BA898EE3-CF6C-4981-966A-0A72DED4BDF9}.ReleaseAll|Mixed Platforms.ActiveCfg = Release|Any CPU
		{BA898EE3-CF6C-4981-966A-0A72DED4BDF9}.ReleaseAll|Mixed Platforms.Build.0 = Release|Any CPU
		{BA898EE3-CF6C-4981-966A-0A72DED4BDF9}.ReleaseAll|Win32.ActiveCfg = Release|Any CPU
		{BA898EE3-CF6C-4981-966A-0A72DED4BDF9}.ReleaseAll|Win32.Build.0 = Release|Any CPU
		{BA898EE3-CF6C-4981-966A-0A72DED4BDF9}.ReleaseAll|ARM.ActiveCfg = Release|Any CPU
		{BA898EE3-CF6C-4981-966A-0A72DED4BDF9}.ReleaseAll|ARM.Build.0 = Release|Any CPU
		{BA898EE3-CF6C-4981-966A-0A72DED4BDF9}.ReleaseAll|x64.ActiveCfg = Release|Any CPU
		{BA898EE3-CF6C-4981-966A-0A72DED4BDF9}.ReleaseAll|x64.Build.0 = Release|Any CPU
		{BA898EE3-CF6C-4981-966A-0A72DED4BDF9}.ReleaseDll|Any CPU.ActiveCfg = Release|Any CPU
		{BA898EE3-CF6C-4981-966A-0A72DED4BDF9}.ReleaseDll|Mixed Platforms.ActiveCfg = Release|Any CPU
		{BA898EE3-CF6C-4981-966A-0A72DED4BDF9}.ReleaseDll|Win32.ActiveCfg = Release|Any CPU
		{BA898EE3-CF6C-4981-966A-0A72DED4BDF9}.ReleaseDll|ARM.ActiveCfg = Release|Any CPU
		{BA898EE3-CF6C-4981-966A-0A72DED4BDF9}.ReleaseDll|x64.ActiveCfg = Release|Any CPU
	EndGlobalSection
	GlobalSection(SolutionProperties) = preSolution
		HideSolutionNode = FALSE
	EndGlobalSection
	GlobalSection(NestedProjects) = preSolution
		{3F23EC95-485A-427C-9F0D-786C2974DA22} = {F6A943D1-E019-4AD4-AD59-500B7CE9444D}
		{5206F0A9-5B90-443B-B9D3-6F9A446B432B} = {F6A943D1-E019-4AD4-AD59-500B7CE9444D}
		{E82F401C-9E73-447D-ADDE-56E9328C6140} = {F6A943D1-E019-4AD4-AD59-500B7CE9444D}
		{788E5470-2783-4F6D-B6C9-FA6AE3F700C6} = {F6A943D1-E019-4AD4-AD59-500B7CE9444D}
		{BA898EE3-CF6C-4981-966A-0A72DED4BDF9} = {F6A943D1-E019-4AD4-AD59-500B7CE9444D}
		{51FA98F6-9806-4DCC-ACDE-B4DA8F05D966} = {5D7A051B-CC06-4C4F-8FAB-521D08C45107}
		{35481897-62AF-4A7A-8405-31556C168656} = {5D7A051B-CC06-4C4F-8FAB-521D08C45107}
		{BAAD37DD-A5D3-41AF-8301-7589669B3EA9} = {5D7A051B-CC06-4C4F-8FAB-521D08C45107}
		{2DFC90BA-FB7C-48F8-AC25-98934540C0F0} = {5D7A051B-CC06-4C4F-8FAB-521D08C45107}
		{2D4021DA-415C-4FAD-95FF-6ACA0974A677} = {B0600BC5-3263-48F1-AD9D-B7333C35D648}
		{77102511-793A-4F72-96E8-0705C60C0718} = {B0600BC5-3263-48F1-AD9D-B7333C35D648}
		{8ACC4C8C-51EB-4764-BA33-597DCB74DC08} = {B0600BC5-3263-48F1-AD9D-B7333C35D648}
		{1D1E7DDA-7A47-4AC7-9648-5A12A91349C9} = {CDFAFBE9-D4C0-4DEA-934C-9C3FF24E084A}
		{E0CA3F9E-C872-4549-B70A-0933209687DF} = {D16316C3-8AA5-4732-8263-2EB662F4F616}
		{40AA81A1-6256-4259-97C4-5F6FA69AAFE8} = {D16316C3-8AA5-4732-8263-2EB662F4F616}
		{FAF8612D-A51E-4B31-BBEA-5E2BE55A0209} = {D16316C3-8AA5-4732-8263-2EB662F4F616}
		{BA92F8B8-8138-4D6C-9D3E-AFD28AC0E899} = {F57B00E5-B7F6-4F93-AF24-390F34C60433}
		{FA589B06-D939-4258-ACAC-4583E9F64F6D} = {D16316C3-8AA5-4732-8263-2EB662F4F616}
	EndGlobalSection
EndGlobal
